// !$*UTF8*$!
{
	archiveVersion = 1;
	classes = {
	};
	objectVersion = 46;
	objects = {

/* Begin PBXBuildFile section */
		3F75DC7A1B86BC3F0021E770 /* PraiseViewController.m in Sources */ = {isa = PBXBuildFile; fileRef = 3F75DC791B86BC3F0021E770 /* PraiseViewController.m */; };
		3F75DC7D1B86C23D0021E770 /* OrderViewController.m in Sources */ = {isa = PBXBuildFile; fileRef = 3F75DC7C1B86C23D0021E770 /* OrderViewController.m */; };
		3F75DC801B86F1A10021E770 /* PraiseSingleViewController.m in Sources */ = {isa = PBXBuildFile; fileRef = 3F75DC7F1B86F1A10021E770 /* PraiseSingleViewController.m */; };
		3F75DC831B86F27C0021E770 /* StarsView.m in Sources */ = {isa = PBXBuildFile; fileRef = 3F75DC821B86F27C0021E770 /* StarsView.m */; };
		3F75DC861B86F63C0021E770 /* PraiseTableViewCell.m in Sources */ = {isa = PBXBuildFile; fileRef = 3F75DC851B86F63C0021E770 /* PraiseTableViewCell.m */; };
		3F75DC891B86F9B60021E770 /* PraiseModel.m in Sources */ = {isa = PBXBuildFile; fileRef = 3F75DC881B86F9B60021E770 /* PraiseModel.m */; };
		3F8BE1B81B840D8E004F7BD4 /* DayTurnoverStatisticView.m in Sources */ = {isa = PBXBuildFile; fileRef = 3F8BE1B71B840D8E004F7BD4 /* DayTurnoverStatisticView.m */; };
		3F8BE1BB1B841131004F7BD4 /* ControlExtension.m in Sources */ = {isa = PBXBuildFile; fileRef = 3F8BE1BA1B841131004F7BD4 /* ControlExtension.m */; };
		3FA0BE4C1B82B8E700FD42A0 /* main.m in Sources */ = {isa = PBXBuildFile; fileRef = 3FA0BE4B1B82B8E700FD42A0 /* main.m */; };
		3FA0BE4F1B82B8E700FD42A0 /* AppDelegate.m in Sources */ = {isa = PBXBuildFile; fileRef = 3FA0BE4E1B82B8E700FD42A0 /* AppDelegate.m */; };
		3FA0BE521B82B8E700FD42A0 /* ViewController.m in Sources */ = {isa = PBXBuildFile; fileRef = 3FA0BE511B82B8E700FD42A0 /* ViewController.m */; };
		3FA0BE551B82B8E700FD42A0 /* Main.storyboard in Resources */ = {isa = PBXBuildFile; fileRef = 3FA0BE531B82B8E700FD42A0 /* Main.storyboard */; };
		3FA0BE571B82B8E700FD42A0 /* Images.xcassets in Resources */ = {isa = PBXBuildFile; fileRef = 3FA0BE561B82B8E700FD42A0 /* Images.xcassets */; };
		3FA0BE5A1B82B8E700FD42A0 /* LaunchScreen.xib in Resources */ = {isa = PBXBuildFile; fileRef = 3FA0BE581B82B8E700FD42A0 /* LaunchScreen.xib */; };
		3FA0BE661B82B8E800FD42A0 /* LbsqMerchantVersionTests.m in Sources */ = {isa = PBXBuildFile; fileRef = 3FA0BE651B82B8E800FD42A0 /* LbsqMerchantVersionTests.m */; };
		3FA0BE731B8300A300FD42A0 /* UIViewAdditions.m in Sources */ = {isa = PBXBuildFile; fileRef = 3FA0BE721B8300A300FD42A0 /* UIViewAdditions.m */; };
		3FA0BE961B8300AC00FD42A0 /* MKAnnotationView+WebCache.m in Sources */ = {isa = PBXBuildFile; fileRef = 3FA0BE761B8300AC00FD42A0 /* MKAnnotationView+WebCache.m */; };
		3FA0BE971B8300AC00FD42A0 /* NSData+ImageContentType.m in Sources */ = {isa = PBXBuildFile; fileRef = 3FA0BE781B8300AC00FD42A0 /* NSData+ImageContentType.m */; };
		3FA0BE981B8300AC00FD42A0 /* SDImageCache.m in Sources */ = {isa = PBXBuildFile; fileRef = 3FA0BE7A1B8300AC00FD42A0 /* SDImageCache.m */; };
		3FA0BE991B8300AC00FD42A0 /* SDWebImageCompat.m in Sources */ = {isa = PBXBuildFile; fileRef = 3FA0BE7C1B8300AC00FD42A0 /* SDWebImageCompat.m */; };
		3FA0BE9A1B8300AC00FD42A0 /* SDWebImageDecoder.m in Sources */ = {isa = PBXBuildFile; fileRef = 3FA0BE7E1B8300AC00FD42A0 /* SDWebImageDecoder.m */; };
		3FA0BE9B1B8300AC00FD42A0 /* SDWebImageDownloader.m in Sources */ = {isa = PBXBuildFile; fileRef = 3FA0BE801B8300AC00FD42A0 /* SDWebImageDownloader.m */; };
		3FA0BE9C1B8300AC00FD42A0 /* SDWebImageDownloaderOperation.m in Sources */ = {isa = PBXBuildFile; fileRef = 3FA0BE821B8300AC00FD42A0 /* SDWebImageDownloaderOperation.m */; };
		3FA0BE9D1B8300AC00FD42A0 /* SDWebImageManager.m in Sources */ = {isa = PBXBuildFile; fileRef = 3FA0BE841B8300AC00FD42A0 /* SDWebImageManager.m */; };
		3FA0BE9E1B8300AC00FD42A0 /* SDWebImagePrefetcher.m in Sources */ = {isa = PBXBuildFile; fileRef = 3FA0BE871B8300AC00FD42A0 /* SDWebImagePrefetcher.m */; };
		3FA0BE9F1B8300AC00FD42A0 /* UIButton+WebCache.m in Sources */ = {isa = PBXBuildFile; fileRef = 3FA0BE891B8300AC00FD42A0 /* UIButton+WebCache.m */; };
		3FA0BEA01B8300AC00FD42A0 /* UIImage+GIF.m in Sources */ = {isa = PBXBuildFile; fileRef = 3FA0BE8B1B8300AC00FD42A0 /* UIImage+GIF.m */; };
		3FA0BEA11B8300AC00FD42A0 /* UIImage+MultiFormat.m in Sources */ = {isa = PBXBuildFile; fileRef = 3FA0BE8D1B8300AC00FD42A0 /* UIImage+MultiFormat.m */; };
		3FA0BEA21B8300AC00FD42A0 /* UIImage+WebP.m in Sources */ = {isa = PBXBuildFile; fileRef = 3FA0BE8F1B8300AC00FD42A0 /* UIImage+WebP.m */; };
		3FA0BEA31B8300AC00FD42A0 /* UIImageView+HighlightedWebCache.m in Sources */ = {isa = PBXBuildFile; fileRef = 3FA0BE911B8300AC00FD42A0 /* UIImageView+HighlightedWebCache.m */; };
		3FA0BEA41B8300AC00FD42A0 /* UIImageView+WebCache.m in Sources */ = {isa = PBXBuildFile; fileRef = 3FA0BE931B8300AC00FD42A0 /* UIImageView+WebCache.m */; };
		3FA0BEA51B8300AC00FD42A0 /* UIView+WebCacheOperation.m in Sources */ = {isa = PBXBuildFile; fileRef = 3FA0BE951B8300AC00FD42A0 /* UIView+WebCacheOperation.m */; };
		3FA0BEA91B8300B300FD42A0 /* Toast+UIView.m in Sources */ = {isa = PBXBuildFile; fileRef = 3FA0BEA81B8300B300FD42A0 /* Toast+UIView.m */; settings = {COMPILER_FLAGS = "-fno-objc-arc"; }; };
		3FA0BEC31B8300C800FD42A0 /* MJRefresh.bundle in Resources */ = {isa = PBXBuildFile; fileRef = 3FA0BEAB1B8300C800FD42A0 /* MJRefresh.bundle */; };
		3FA0BEC41B8300C800FD42A0 /* MJRefreshComponent.m in Sources */ = {isa = PBXBuildFile; fileRef = 3FA0BEAE1B8300C800FD42A0 /* MJRefreshComponent.m */; };
		3FA0BEC51B8300C800FD42A0 /* MJRefreshConst.m in Sources */ = {isa = PBXBuildFile; fileRef = 3FA0BEB01B8300C800FD42A0 /* MJRefreshConst.m */; };
		3FA0BEC61B8300C800FD42A0 /* MJRefreshFooter.m in Sources */ = {isa = PBXBuildFile; fileRef = 3FA0BEB21B8300C800FD42A0 /* MJRefreshFooter.m */; };
		3FA0BEC71B8300C800FD42A0 /* MJRefreshGifFooter.m in Sources */ = {isa = PBXBuildFile; fileRef = 3FA0BEB41B8300C800FD42A0 /* MJRefreshGifFooter.m */; };
		3FA0BEC81B8300C800FD42A0 /* MJRefreshGifHeader.m in Sources */ = {isa = PBXBuildFile; fileRef = 3FA0BEB61B8300C800FD42A0 /* MJRefreshGifHeader.m */; };
		3FA0BEC91B8300C800FD42A0 /* MJRefreshHeader.m in Sources */ = {isa = PBXBuildFile; fileRef = 3FA0BEB81B8300C800FD42A0 /* MJRefreshHeader.m */; };
		3FA0BECA1B8300C800FD42A0 /* MJRefreshLegendFooter.m in Sources */ = {isa = PBXBuildFile; fileRef = 3FA0BEBA1B8300C800FD42A0 /* MJRefreshLegendFooter.m */; };
		3FA0BECB1B8300C800FD42A0 /* MJRefreshLegendHeader.m in Sources */ = {isa = PBXBuildFile; fileRef = 3FA0BEBC1B8300C800FD42A0 /* MJRefreshLegendHeader.m */; };
		3FA0BECC1B8300C800FD42A0 /* UIScrollView+MJExtension.m in Sources */ = {isa = PBXBuildFile; fileRef = 3FA0BEBE1B8300C800FD42A0 /* UIScrollView+MJExtension.m */; };
		3FA0BECD1B8300C800FD42A0 /* UIScrollView+MJRefresh.m in Sources */ = {isa = PBXBuildFile; fileRef = 3FA0BEC01B8300C800FD42A0 /* UIScrollView+MJRefresh.m */; };
		3FA0BECE1B8300C800FD42A0 /* UIView+MJExtension.m in Sources */ = {isa = PBXBuildFile; fileRef = 3FA0BEC21B8300C800FD42A0 /* UIView+MJExtension.m */; };
		3FA0BEF71B83010F00FD42A0 /* AFHTTPRequestOperation.m in Sources */ = {isa = PBXBuildFile; fileRef = 3FA0BED21B83010F00FD42A0 /* AFHTTPRequestOperation.m */; };
		3FA0BEF81B83010F00FD42A0 /* AFHTTPRequestOperationManager.m in Sources */ = {isa = PBXBuildFile; fileRef = 3FA0BED41B83010F00FD42A0 /* AFHTTPRequestOperationManager.m */; };
		3FA0BEF91B83010F00FD42A0 /* AFHTTPSessionManager.m in Sources */ = {isa = PBXBuildFile; fileRef = 3FA0BED61B83010F00FD42A0 /* AFHTTPSessionManager.m */; };
		3FA0BEFA1B83010F00FD42A0 /* AFNetworkReachabilityManager.m in Sources */ = {isa = PBXBuildFile; fileRef = 3FA0BED91B83010F00FD42A0 /* AFNetworkReachabilityManager.m */; };
		3FA0BEFB1B83010F00FD42A0 /* AFSecurityPolicy.m in Sources */ = {isa = PBXBuildFile; fileRef = 3FA0BEDB1B83010F00FD42A0 /* AFSecurityPolicy.m */; };
		3FA0BEFC1B83010F00FD42A0 /* AFURLConnectionOperation.m in Sources */ = {isa = PBXBuildFile; fileRef = 3FA0BEDD1B83010F00FD42A0 /* AFURLConnectionOperation.m */; };
		3FA0BEFD1B83010F00FD42A0 /* AFURLRequestSerialization.m in Sources */ = {isa = PBXBuildFile; fileRef = 3FA0BEDF1B83010F00FD42A0 /* AFURLRequestSerialization.m */; };
		3FA0BEFE1B83010F00FD42A0 /* AFURLResponseSerialization.m in Sources */ = {isa = PBXBuildFile; fileRef = 3FA0BEE11B83010F00FD42A0 /* AFURLResponseSerialization.m */; };
		3FA0BEFF1B83010F00FD42A0 /* AFURLSessionManager.m in Sources */ = {isa = PBXBuildFile; fileRef = 3FA0BEE31B83010F00FD42A0 /* AFURLSessionManager.m */; };
		3FA0BF001B83010F00FD42A0 /* AFNetworkActivityIndicatorManager.m in Sources */ = {isa = PBXBuildFile; fileRef = 3FA0BEE61B83010F00FD42A0 /* AFNetworkActivityIndicatorManager.m */; };
		3FA0BF011B83010F00FD42A0 /* UIActivityIndicatorView+AFNetworking.m in Sources */ = {isa = PBXBuildFile; fileRef = 3FA0BEE81B83010F00FD42A0 /* UIActivityIndicatorView+AFNetworking.m */; };
		3FA0BF021B83010F00FD42A0 /* UIAlertView+AFNetworking.m in Sources */ = {isa = PBXBuildFile; fileRef = 3FA0BEEA1B83010F00FD42A0 /* UIAlertView+AFNetworking.m */; };
		3FA0BF031B83010F00FD42A0 /* UIButton+AFNetworking.m in Sources */ = {isa = PBXBuildFile; fileRef = 3FA0BEEC1B83010F00FD42A0 /* UIButton+AFNetworking.m */; };
		3FA0BF041B83010F00FD42A0 /* UIImageView+AFNetworking.m in Sources */ = {isa = PBXBuildFile; fileRef = 3FA0BEEF1B83010F00FD42A0 /* UIImageView+AFNetworking.m */; };
		3FA0BF051B83010F00FD42A0 /* UIProgressView+AFNetworking.m in Sources */ = {isa = PBXBuildFile; fileRef = 3FA0BEF21B83010F00FD42A0 /* UIProgressView+AFNetworking.m */; };
		3FA0BF061B83010F00FD42A0 /* UIRefreshControl+AFNetworking.m in Sources */ = {isa = PBXBuildFile; fileRef = 3FA0BEF41B83010F00FD42A0 /* UIRefreshControl+AFNetworking.m */; };
		3FA0BF071B83010F00FD42A0 /* UIWebView+AFNetworking.m in Sources */ = {isa = PBXBuildFile; fileRef = 3FA0BEF61B83010F00FD42A0 /* UIWebView+AFNetworking.m */; };
		3FA0BF0C1B830CC600FD42A0 /* TabbarViewController.m in Sources */ = {isa = PBXBuildFile; fileRef = 3FA0BF0B1B830CC600FD42A0 /* TabbarViewController.m */; };
		3FA0BF0F1B830CE700FD42A0 /* HomeNavViewController.m in Sources */ = {isa = PBXBuildFile; fileRef = 3FA0BF0E1B830CE700FD42A0 /* HomeNavViewController.m */; };
		3FA0BF121B830D0B00FD42A0 /* ScanNavViewController.m in Sources */ = {isa = PBXBuildFile; fileRef = 3FA0BF111B830D0B00FD42A0 /* ScanNavViewController.m */; };
		3FA0BF151B830D1700FD42A0 /* MineNavViewController.m in Sources */ = {isa = PBXBuildFile; fileRef = 3FA0BF141B830D1700FD42A0 /* MineNavViewController.m */; };
		3FA0BF1A1B830DD900FD42A0 /* HomeViewController.m in Sources */ = {isa = PBXBuildFile; fileRef = 3FA0BF191B830DD900FD42A0 /* HomeViewController.m */; };
		3FA0BF1D1B830DEE00FD42A0 /* MineViewController.m in Sources */ = {isa = PBXBuildFile; fileRef = 3FA0BF1C1B830DEE00FD42A0 /* MineViewController.m */; };
		3FA0BF201B830DFC00FD42A0 /* ScanViewController.m in Sources */ = {isa = PBXBuildFile; fileRef = 3FA0BF1F1B830DFC00FD42A0 /* ScanViewController.m */; };
		3FA0BF231B83153E00FD42A0 /* TabBarItem.m in Sources */ = {isa = PBXBuildFile; fileRef = 3FA0BF221B83153E00FD42A0 /* TabBarItem.m */; };
		3FA0BF261B831B6800FD42A0 /* YanMethodManager.m in Sources */ = {isa = PBXBuildFile; fileRef = 3FA0BF251B831B6800FD42A0 /* YanMethodManager.m */; };
		3FA0BF291B831BE900FD42A0 /* MBProgressHUD.m in Sources */ = {isa = PBXBuildFile; fileRef = 3FA0BF281B831BE900FD42A0 /* MBProgressHUD.m */; };
		3FD49CE71B8567CC00A65E65 /* AddGoodsView.m in Sources */ = {isa = PBXBuildFile; fileRef = 3FD49CE61B8567CC00A65E65 /* AddGoodsView.m */; };
		3FD49D061B857A1700A65E65 /* libzbar.a in Frameworks */ = {isa = PBXBuildFile; fileRef = 3FD49D001B857A1700A65E65 /* libzbar.a */; };
		3FD49D071B857A1700A65E65 /* zbar-back.png in Resources */ = {isa = PBXBuildFile; fileRef = 3FD49D021B857A1700A65E65 /* zbar-back.png */; };
		3FD49D081B857A1700A65E65 /* zbar-help.html in Resources */ = {isa = PBXBuildFile; fileRef = 3FD49D031B857A1700A65E65 /* zbar-help.html */; };
		3FD49D091B857A1700A65E65 /* zbar-helpicons.png in Resources */ = {isa = PBXBuildFile; fileRef = 3FD49D041B857A1700A65E65 /* zbar-helpicons.png */; };
		3FD49D0A1B857A1700A65E65 /* zbar-samples.png in Resources */ = {isa = PBXBuildFile; fileRef = 3FD49D051B857A1700A65E65 /* zbar-samples.png */; };
		3FD49D0C1B857A3400A65E65 /* AVFoundation.framework in Frameworks */ = {isa = PBXBuildFile; fileRef = 3FD49D0B1B857A3400A65E65 /* AVFoundation.framework */; };
		3FD49D0E1B857A3F00A65E65 /* CoreMedia.framework in Frameworks */ = {isa = PBXBuildFile; fileRef = 3FD49D0D1B857A3F00A65E65 /* CoreMedia.framework */; };
		3FD49D101B857A6900A65E65 /* CoreVideo.framework in Frameworks */ = {isa = PBXBuildFile; fileRef = 3FD49D0F1B857A6900A65E65 /* CoreVideo.framework */; };
		3FD49D121B857A7100A65E65 /* QuartzCore.framework in Frameworks */ = {isa = PBXBuildFile; fileRef = 3FD49D111B857A7100A65E65 /* QuartzCore.framework */; };
		3FD49D141B857A7E00A65E65 /* libiconv.dylib in Frameworks */ = {isa = PBXBuildFile; fileRef = 3FD49D131B857A7E00A65E65 /* libiconv.dylib */; };
		3FD49D1A1B85CA6E00A65E65 /* RetrievePWView.m in Sources */ = {isa = PBXBuildFile; fileRef = 3FD49D191B85CA6E00A65E65 /* RetrievePWView.m */; };
		3FD49D1D1B85CB5500A65E65 /* RetrievePasswordViewController.m in Sources */ = {isa = PBXBuildFile; fileRef = 3FD49D1C1B85CB5500A65E65 /* RetrievePasswordViewController.m */; };
		3FD49D211B85D33400A65E65 /* GCPlaceholderTextView.m in Sources */ = {isa = PBXBuildFile; fileRef = 3FD49D201B85D33400A65E65 /* GCPlaceholderTextView.m */; settings = {COMPILER_FLAGS = "-fno-objc-arc"; }; };
		3FD49D241B85D3E500A65E65 /* FeedbackViewController.m in Sources */ = {isa = PBXBuildFile; fileRef = 3FD49D231B85D3E500A65E65 /* FeedbackViewController.m */; };
		3FED752B1B8421E400DD53B9 /* HomeBtnView.m in Sources */ = {isa = PBXBuildFile; fileRef = 3FED752A1B8421E400DD53B9 /* HomeBtnView.m */; };
		3FED752F1B8432A800DD53B9 /* OrderStatisticsViewController.m in Sources */ = {isa = PBXBuildFile; fileRef = 3FED752E1B8432A800DD53B9 /* OrderStatisticsViewController.m */; };
		3FED75321B844E0000DD53B9 /* OrderStatisticsTableViewCell.m in Sources */ = {isa = PBXBuildFile; fileRef = 3FED75311B844E0000DD53B9 /* OrderStatisticsTableViewCell.m */; };
		3FED75351B8451AF00DD53B9 /* ScrollHeaderView.m in Sources */ = {isa = PBXBuildFile; fileRef = 3FED75341B8451AF00DD53B9 /* ScrollHeaderView.m */; };
		3FF3146E1B847512004C620B /* GoodsManagementViewController.m in Sources */ = {isa = PBXBuildFile; fileRef = 3FF3146D1B847512004C620B /* GoodsManagementViewController.m */; };
		3FF314711B847F44004C620B /* SearchView.m in Sources */ = {isa = PBXBuildFile; fileRef = 3FF314701B847F44004C620B /* SearchView.m */; };
		3FF314741B8481B7004C620B /* SearchResultViewController.m in Sources */ = {isa = PBXBuildFile; fileRef = 3FF314731B8481B7004C620B /* SearchResultViewController.m */; };
		3FF314771B8489B6004C620B /* GoodsTableViewCell.m in Sources */ = {isa = PBXBuildFile; fileRef = 3FF314761B8489B6004C620B /* GoodsTableViewCell.m */; };
/* End PBXBuildFile section */

/* Begin PBXContainerItemProxy section */
		3FA0BE601B82B8E800FD42A0 /* PBXContainerItemProxy */ = {
			isa = PBXContainerItemProxy;
			containerPortal = 3FA0BE3E1B82B8E700FD42A0 /* Project object */;
			proxyType = 1;
			remoteGlobalIDString = 3FA0BE451B82B8E700FD42A0;
			remoteInfo = LbsqMerchantVersion;
		};
/* End PBXContainerItemProxy section */

/* Begin PBXFileReference section */
		3F75DC781B86BC3F0021E770 /* PraiseViewController.h */ = {isa = PBXFileReference; fileEncoding = 4; lastKnownFileType = sourcecode.c.h; path = PraiseViewController.h; sourceTree = "<group>"; };
		3F75DC791B86BC3F0021E770 /* PraiseViewController.m */ = {isa = PBXFileReference; fileEncoding = 4; lastKnownFileType = sourcecode.c.objc; path = PraiseViewController.m; sourceTree = "<group>"; };
		3F75DC7B1B86C23D0021E770 /* OrderViewController.h */ = {isa = PBXFileReference; fileEncoding = 4; lastKnownFileType = sourcecode.c.h; path = OrderViewController.h; sourceTree = "<group>"; };
		3F75DC7C1B86C23D0021E770 /* OrderViewController.m */ = {isa = PBXFileReference; fileEncoding = 4; lastKnownFileType = sourcecode.c.objc; path = OrderViewController.m; sourceTree = "<group>"; };
		3F75DC7E1B86F1A10021E770 /* PraiseSingleViewController.h */ = {isa = PBXFileReference; fileEncoding = 4; lastKnownFileType = sourcecode.c.h; path = PraiseSingleViewController.h; sourceTree = "<group>"; };
		3F75DC7F1B86F1A10021E770 /* PraiseSingleViewController.m */ = {isa = PBXFileReference; fileEncoding = 4; lastKnownFileType = sourcecode.c.objc; path = PraiseSingleViewController.m; sourceTree = "<group>"; };
		3F75DC811B86F27C0021E770 /* StarsView.h */ = {isa = PBXFileReference; fileEncoding = 4; lastKnownFileType = sourcecode.c.h; path = StarsView.h; sourceTree = "<group>"; };
		3F75DC821B86F27C0021E770 /* StarsView.m */ = {isa = PBXFileReference; fileEncoding = 4; lastKnownFileType = sourcecode.c.objc; path = StarsView.m; sourceTree = "<group>"; };
		3F75DC841B86F63C0021E770 /* PraiseTableViewCell.h */ = {isa = PBXFileReference; fileEncoding = 4; lastKnownFileType = sourcecode.c.h; path = PraiseTableViewCell.h; sourceTree = "<group>"; };
		3F75DC851B86F63C0021E770 /* PraiseTableViewCell.m */ = {isa = PBXFileReference; fileEncoding = 4; lastKnownFileType = sourcecode.c.objc; path = PraiseTableViewCell.m; sourceTree = "<group>"; };
		3F75DC871B86F9B60021E770 /* PraiseModel.h */ = {isa = PBXFileReference; fileEncoding = 4; lastKnownFileType = sourcecode.c.h; path = PraiseModel.h; sourceTree = "<group>"; };
		3F75DC881B86F9B60021E770 /* PraiseModel.m */ = {isa = PBXFileReference; fileEncoding = 4; lastKnownFileType = sourcecode.c.objc; path = PraiseModel.m; sourceTree = "<group>"; };
		3F8BE1B61B840D8E004F7BD4 /* DayTurnoverStatisticView.h */ = {isa = PBXFileReference; fileEncoding = 4; lastKnownFileType = sourcecode.c.h; path = DayTurnoverStatisticView.h; sourceTree = "<group>"; };
		3F8BE1B71B840D8E004F7BD4 /* DayTurnoverStatisticView.m */ = {isa = PBXFileReference; fileEncoding = 4; lastKnownFileType = sourcecode.c.objc; path = DayTurnoverStatisticView.m; sourceTree = "<group>"; };
		3F8BE1B91B841131004F7BD4 /* ControlExtension.h */ = {isa = PBXFileReference; fileEncoding = 4; lastKnownFileType = sourcecode.c.h; path = ControlExtension.h; sourceTree = "<group>"; };
		3F8BE1BA1B841131004F7BD4 /* ControlExtension.m */ = {isa = PBXFileReference; fileEncoding = 4; lastKnownFileType = sourcecode.c.objc; path = ControlExtension.m; sourceTree = "<group>"; };
		3FA0BE461B82B8E700FD42A0 /* LbsqMerchantVersion.app */ = {isa = PBXFileReference; explicitFileType = wrapper.application; includeInIndex = 0; path = LbsqMerchantVersion.app; sourceTree = BUILT_PRODUCTS_DIR; };
		3FA0BE4A1B82B8E700FD42A0 /* Info.plist */ = {isa = PBXFileReference; lastKnownFileType = text.plist.xml; path = Info.plist; sourceTree = "<group>"; };
		3FA0BE4B1B82B8E700FD42A0 /* main.m */ = {isa = PBXFileReference; lastKnownFileType = sourcecode.c.objc; path = main.m; sourceTree = "<group>"; };
		3FA0BE4D1B82B8E700FD42A0 /* AppDelegate.h */ = {isa = PBXFileReference; lastKnownFileType = sourcecode.c.h; path = AppDelegate.h; sourceTree = "<group>"; };
		3FA0BE4E1B82B8E700FD42A0 /* AppDelegate.m */ = {isa = PBXFileReference; lastKnownFileType = sourcecode.c.objc; path = AppDelegate.m; sourceTree = "<group>"; };
		3FA0BE501B82B8E700FD42A0 /* ViewController.h */ = {isa = PBXFileReference; lastKnownFileType = sourcecode.c.h; path = ViewController.h; sourceTree = "<group>"; };
		3FA0BE511B82B8E700FD42A0 /* ViewController.m */ = {isa = PBXFileReference; lastKnownFileType = sourcecode.c.objc; path = ViewController.m; sourceTree = "<group>"; };
		3FA0BE541B82B8E700FD42A0 /* Base */ = {isa = PBXFileReference; lastKnownFileType = file.storyboard; name = Base; path = Base.lproj/Main.storyboard; sourceTree = "<group>"; };
		3FA0BE561B82B8E700FD42A0 /* Images.xcassets */ = {isa = PBXFileReference; lastKnownFileType = folder.assetcatalog; path = Images.xcassets; sourceTree = "<group>"; };
		3FA0BE591B82B8E700FD42A0 /* Base */ = {isa = PBXFileReference; lastKnownFileType = file.xib; name = Base; path = Base.lproj/LaunchScreen.xib; sourceTree = "<group>"; };
		3FA0BE5F1B82B8E800FD42A0 /* LbsqMerchantVersionTests.xctest */ = {isa = PBXFileReference; explicitFileType = wrapper.cfbundle; includeInIndex = 0; path = LbsqMerchantVersionTests.xctest; sourceTree = BUILT_PRODUCTS_DIR; };
		3FA0BE641B82B8E800FD42A0 /* Info.plist */ = {isa = PBXFileReference; lastKnownFileType = text.plist.xml; path = Info.plist; sourceTree = "<group>"; };
		3FA0BE651B82B8E800FD42A0 /* LbsqMerchantVersionTests.m */ = {isa = PBXFileReference; lastKnownFileType = sourcecode.c.objc; path = LbsqMerchantVersionTests.m; sourceTree = "<group>"; };
		3FA0BE711B8300A300FD42A0 /* UIViewAdditions.h */ = {isa = PBXFileReference; fileEncoding = 4; lastKnownFileType = sourcecode.c.h; path = UIViewAdditions.h; sourceTree = "<group>"; };
		3FA0BE721B8300A300FD42A0 /* UIViewAdditions.m */ = {isa = PBXFileReference; fileEncoding = 4; lastKnownFileType = sourcecode.c.objc; path = UIViewAdditions.m; sourceTree = "<group>"; };
		3FA0BE751B8300AC00FD42A0 /* MKAnnotationView+WebCache.h */ = {isa = PBXFileReference; fileEncoding = 4; lastKnownFileType = sourcecode.c.h; path = "MKAnnotationView+WebCache.h"; sourceTree = "<group>"; };
		3FA0BE761B8300AC00FD42A0 /* MKAnnotationView+WebCache.m */ = {isa = PBXFileReference; fileEncoding = 4; lastKnownFileType = sourcecode.c.objc; path = "MKAnnotationView+WebCache.m"; sourceTree = "<group>"; };
		3FA0BE771B8300AC00FD42A0 /* NSData+ImageContentType.h */ = {isa = PBXFileReference; fileEncoding = 4; lastKnownFileType = sourcecode.c.h; path = "NSData+ImageContentType.h"; sourceTree = "<group>"; };
		3FA0BE781B8300AC00FD42A0 /* NSData+ImageContentType.m */ = {isa = PBXFileReference; fileEncoding = 4; lastKnownFileType = sourcecode.c.objc; path = "NSData+ImageContentType.m"; sourceTree = "<group>"; };
		3FA0BE791B8300AC00FD42A0 /* SDImageCache.h */ = {isa = PBXFileReference; fileEncoding = 4; lastKnownFileType = sourcecode.c.h; path = SDImageCache.h; sourceTree = "<group>"; };
		3FA0BE7A1B8300AC00FD42A0 /* SDImageCache.m */ = {isa = PBXFileReference; fileEncoding = 4; lastKnownFileType = sourcecode.c.objc; path = SDImageCache.m; sourceTree = "<group>"; };
		3FA0BE7B1B8300AC00FD42A0 /* SDWebImageCompat.h */ = {isa = PBXFileReference; fileEncoding = 4; lastKnownFileType = sourcecode.c.h; path = SDWebImageCompat.h; sourceTree = "<group>"; };
		3FA0BE7C1B8300AC00FD42A0 /* SDWebImageCompat.m */ = {isa = PBXFileReference; fileEncoding = 4; lastKnownFileType = sourcecode.c.objc; path = SDWebImageCompat.m; sourceTree = "<group>"; };
		3FA0BE7D1B8300AC00FD42A0 /* SDWebImageDecoder.h */ = {isa = PBXFileReference; fileEncoding = 4; lastKnownFileType = sourcecode.c.h; path = SDWebImageDecoder.h; sourceTree = "<group>"; };
		3FA0BE7E1B8300AC00FD42A0 /* SDWebImageDecoder.m */ = {isa = PBXFileReference; fileEncoding = 4; lastKnownFileType = sourcecode.c.objc; path = SDWebImageDecoder.m; sourceTree = "<group>"; };
		3FA0BE7F1B8300AC00FD42A0 /* SDWebImageDownloader.h */ = {isa = PBXFileReference; fileEncoding = 4; lastKnownFileType = sourcecode.c.h; path = SDWebImageDownloader.h; sourceTree = "<group>"; };
		3FA0BE801B8300AC00FD42A0 /* SDWebImageDownloader.m */ = {isa = PBXFileReference; fileEncoding = 4; lastKnownFileType = sourcecode.c.objc; path = SDWebImageDownloader.m; sourceTree = "<group>"; };
		3FA0BE811B8300AC00FD42A0 /* SDWebImageDownloaderOperation.h */ = {isa = PBXFileReference; fileEncoding = 4; lastKnownFileType = sourcecode.c.h; path = SDWebImageDownloaderOperation.h; sourceTree = "<group>"; };
		3FA0BE821B8300AC00FD42A0 /* SDWebImageDownloaderOperation.m */ = {isa = PBXFileReference; fileEncoding = 4; lastKnownFileType = sourcecode.c.objc; path = SDWebImageDownloaderOperation.m; sourceTree = "<group>"; };
		3FA0BE831B8300AC00FD42A0 /* SDWebImageManager.h */ = {isa = PBXFileReference; fileEncoding = 4; lastKnownFileType = sourcecode.c.h; path = SDWebImageManager.h; sourceTree = "<group>"; };
		3FA0BE841B8300AC00FD42A0 /* SDWebImageManager.m */ = {isa = PBXFileReference; fileEncoding = 4; lastKnownFileType = sourcecode.c.objc; path = SDWebImageManager.m; sourceTree = "<group>"; };
		3FA0BE851B8300AC00FD42A0 /* SDWebImageOperation.h */ = {isa = PBXFileReference; fileEncoding = 4; lastKnownFileType = sourcecode.c.h; path = SDWebImageOperation.h; sourceTree = "<group>"; };
		3FA0BE861B8300AC00FD42A0 /* SDWebImagePrefetcher.h */ = {isa = PBXFileReference; fileEncoding = 4; lastKnownFileType = sourcecode.c.h; path = SDWebImagePrefetcher.h; sourceTree = "<group>"; };
		3FA0BE871B8300AC00FD42A0 /* SDWebImagePrefetcher.m */ = {isa = PBXFileReference; fileEncoding = 4; lastKnownFileType = sourcecode.c.objc; path = SDWebImagePrefetcher.m; sourceTree = "<group>"; };
		3FA0BE881B8300AC00FD42A0 /* UIButton+WebCache.h */ = {isa = PBXFileReference; fileEncoding = 4; lastKnownFileType = sourcecode.c.h; path = "UIButton+WebCache.h"; sourceTree = "<group>"; };
		3FA0BE891B8300AC00FD42A0 /* UIButton+WebCache.m */ = {isa = PBXFileReference; fileEncoding = 4; lastKnownFileType = sourcecode.c.objc; path = "UIButton+WebCache.m"; sourceTree = "<group>"; };
		3FA0BE8A1B8300AC00FD42A0 /* UIImage+GIF.h */ = {isa = PBXFileReference; fileEncoding = 4; lastKnownFileType = sourcecode.c.h; path = "UIImage+GIF.h"; sourceTree = "<group>"; };
		3FA0BE8B1B8300AC00FD42A0 /* UIImage+GIF.m */ = {isa = PBXFileReference; fileEncoding = 4; lastKnownFileType = sourcecode.c.objc; path = "UIImage+GIF.m"; sourceTree = "<group>"; };
		3FA0BE8C1B8300AC00FD42A0 /* UIImage+MultiFormat.h */ = {isa = PBXFileReference; fileEncoding = 4; lastKnownFileType = sourcecode.c.h; path = "UIImage+MultiFormat.h"; sourceTree = "<group>"; };
		3FA0BE8D1B8300AC00FD42A0 /* UIImage+MultiFormat.m */ = {isa = PBXFileReference; fileEncoding = 4; lastKnownFileType = sourcecode.c.objc; path = "UIImage+MultiFormat.m"; sourceTree = "<group>"; };
		3FA0BE8E1B8300AC00FD42A0 /* UIImage+WebP.h */ = {isa = PBXFileReference; fileEncoding = 4; lastKnownFileType = sourcecode.c.h; path = "UIImage+WebP.h"; sourceTree = "<group>"; };
		3FA0BE8F1B8300AC00FD42A0 /* UIImage+WebP.m */ = {isa = PBXFileReference; fileEncoding = 4; lastKnownFileType = sourcecode.c.objc; path = "UIImage+WebP.m"; sourceTree = "<group>"; };
		3FA0BE901B8300AC00FD42A0 /* UIImageView+HighlightedWebCache.h */ = {isa = PBXFileReference; fileEncoding = 4; lastKnownFileType = sourcecode.c.h; path = "UIImageView+HighlightedWebCache.h"; sourceTree = "<group>"; };
		3FA0BE911B8300AC00FD42A0 /* UIImageView+HighlightedWebCache.m */ = {isa = PBXFileReference; fileEncoding = 4; lastKnownFileType = sourcecode.c.objc; path = "UIImageView+HighlightedWebCache.m"; sourceTree = "<group>"; };
		3FA0BE921B8300AC00FD42A0 /* UIImageView+WebCache.h */ = {isa = PBXFileReference; fileEncoding = 4; lastKnownFileType = sourcecode.c.h; path = "UIImageView+WebCache.h"; sourceTree = "<group>"; };
		3FA0BE931B8300AC00FD42A0 /* UIImageView+WebCache.m */ = {isa = PBXFileReference; fileEncoding = 4; lastKnownFileType = sourcecode.c.objc; path = "UIImageView+WebCache.m"; sourceTree = "<group>"; };
		3FA0BE941B8300AC00FD42A0 /* UIView+WebCacheOperation.h */ = {isa = PBXFileReference; fileEncoding = 4; lastKnownFileType = sourcecode.c.h; path = "UIView+WebCacheOperation.h"; sourceTree = "<group>"; };
		3FA0BE951B8300AC00FD42A0 /* UIView+WebCacheOperation.m */ = {isa = PBXFileReference; fileEncoding = 4; lastKnownFileType = sourcecode.c.objc; path = "UIView+WebCacheOperation.m"; sourceTree = "<group>"; };
		3FA0BEA71B8300B300FD42A0 /* Toast+UIView.h */ = {isa = PBXFileReference; fileEncoding = 4; lastKnownFileType = sourcecode.c.h; path = "Toast+UIView.h"; sourceTree = "<group>"; };
		3FA0BEA81B8300B300FD42A0 /* Toast+UIView.m */ = {isa = PBXFileReference; fileEncoding = 4; lastKnownFileType = sourcecode.c.objc; path = "Toast+UIView.m"; sourceTree = "<group>"; };
		3FA0BEAB1B8300C800FD42A0 /* MJRefresh.bundle */ = {isa = PBXFileReference; lastKnownFileType = "wrapper.plug-in"; path = MJRefresh.bundle; sourceTree = "<group>"; };
		3FA0BEAC1B8300C800FD42A0 /* MJRefresh.h */ = {isa = PBXFileReference; fileEncoding = 4; lastKnownFileType = sourcecode.c.h; path = MJRefresh.h; sourceTree = "<group>"; };
		3FA0BEAD1B8300C800FD42A0 /* MJRefreshComponent.h */ = {isa = PBXFileReference; fileEncoding = 4; lastKnownFileType = sourcecode.c.h; path = MJRefreshComponent.h; sourceTree = "<group>"; };
		3FA0BEAE1B8300C800FD42A0 /* MJRefreshComponent.m */ = {isa = PBXFileReference; fileEncoding = 4; lastKnownFileType = sourcecode.c.objc; path = MJRefreshComponent.m; sourceTree = "<group>"; };
		3FA0BEAF1B8300C800FD42A0 /* MJRefreshConst.h */ = {isa = PBXFileReference; fileEncoding = 4; lastKnownFileType = sourcecode.c.h; path = MJRefreshConst.h; sourceTree = "<group>"; };
		3FA0BEB01B8300C800FD42A0 /* MJRefreshConst.m */ = {isa = PBXFileReference; fileEncoding = 4; lastKnownFileType = sourcecode.c.objc; path = MJRefreshConst.m; sourceTree = "<group>"; };
		3FA0BEB11B8300C800FD42A0 /* MJRefreshFooter.h */ = {isa = PBXFileReference; fileEncoding = 4; lastKnownFileType = sourcecode.c.h; path = MJRefreshFooter.h; sourceTree = "<group>"; };
		3FA0BEB21B8300C800FD42A0 /* MJRefreshFooter.m */ = {isa = PBXFileReference; fileEncoding = 4; lastKnownFileType = sourcecode.c.objc; path = MJRefreshFooter.m; sourceTree = "<group>"; };
		3FA0BEB31B8300C800FD42A0 /* MJRefreshGifFooter.h */ = {isa = PBXFileReference; fileEncoding = 4; lastKnownFileType = sourcecode.c.h; path = MJRefreshGifFooter.h; sourceTree = "<group>"; };
		3FA0BEB41B8300C800FD42A0 /* MJRefreshGifFooter.m */ = {isa = PBXFileReference; fileEncoding = 4; lastKnownFileType = sourcecode.c.objc; path = MJRefreshGifFooter.m; sourceTree = "<group>"; };
		3FA0BEB51B8300C800FD42A0 /* MJRefreshGifHeader.h */ = {isa = PBXFileReference; fileEncoding = 4; lastKnownFileType = sourcecode.c.h; path = MJRefreshGifHeader.h; sourceTree = "<group>"; };
		3FA0BEB61B8300C800FD42A0 /* MJRefreshGifHeader.m */ = {isa = PBXFileReference; fileEncoding = 4; lastKnownFileType = sourcecode.c.objc; path = MJRefreshGifHeader.m; sourceTree = "<group>"; };
		3FA0BEB71B8300C800FD42A0 /* MJRefreshHeader.h */ = {isa = PBXFileReference; fileEncoding = 4; lastKnownFileType = sourcecode.c.h; path = MJRefreshHeader.h; sourceTree = "<group>"; };
		3FA0BEB81B8300C800FD42A0 /* MJRefreshHeader.m */ = {isa = PBXFileReference; fileEncoding = 4; lastKnownFileType = sourcecode.c.objc; path = MJRefreshHeader.m; sourceTree = "<group>"; };
		3FA0BEB91B8300C800FD42A0 /* MJRefreshLegendFooter.h */ = {isa = PBXFileReference; fileEncoding = 4; lastKnownFileType = sourcecode.c.h; path = MJRefreshLegendFooter.h; sourceTree = "<group>"; };
		3FA0BEBA1B8300C800FD42A0 /* MJRefreshLegendFooter.m */ = {isa = PBXFileReference; fileEncoding = 4; lastKnownFileType = sourcecode.c.objc; path = MJRefreshLegendFooter.m; sourceTree = "<group>"; };
		3FA0BEBB1B8300C800FD42A0 /* MJRefreshLegendHeader.h */ = {isa = PBXFileReference; fileEncoding = 4; lastKnownFileType = sourcecode.c.h; path = MJRefreshLegendHeader.h; sourceTree = "<group>"; };
		3FA0BEBC1B8300C800FD42A0 /* MJRefreshLegendHeader.m */ = {isa = PBXFileReference; fileEncoding = 4; lastKnownFileType = sourcecode.c.objc; path = MJRefreshLegendHeader.m; sourceTree = "<group>"; };
		3FA0BEBD1B8300C800FD42A0 /* UIScrollView+MJExtension.h */ = {isa = PBXFileReference; fileEncoding = 4; lastKnownFileType = sourcecode.c.h; path = "UIScrollView+MJExtension.h"; sourceTree = "<group>"; };
		3FA0BEBE1B8300C800FD42A0 /* UIScrollView+MJExtension.m */ = {isa = PBXFileReference; fileEncoding = 4; lastKnownFileType = sourcecode.c.objc; path = "UIScrollView+MJExtension.m"; sourceTree = "<group>"; };
		3FA0BEBF1B8300C800FD42A0 /* UIScrollView+MJRefresh.h */ = {isa = PBXFileReference; fileEncoding = 4; lastKnownFileType = sourcecode.c.h; path = "UIScrollView+MJRefresh.h"; sourceTree = "<group>"; };
		3FA0BEC01B8300C800FD42A0 /* UIScrollView+MJRefresh.m */ = {isa = PBXFileReference; fileEncoding = 4; lastKnownFileType = sourcecode.c.objc; path = "UIScrollView+MJRefresh.m"; sourceTree = "<group>"; };
		3FA0BEC11B8300C800FD42A0 /* UIView+MJExtension.h */ = {isa = PBXFileReference; fileEncoding = 4; lastKnownFileType = sourcecode.c.h; path = "UIView+MJExtension.h"; sourceTree = "<group>"; };
		3FA0BEC21B8300C800FD42A0 /* UIView+MJExtension.m */ = {isa = PBXFileReference; fileEncoding = 4; lastKnownFileType = sourcecode.c.objc; path = "UIView+MJExtension.m"; sourceTree = "<group>"; };
		3FA0BED11B83010F00FD42A0 /* AFHTTPRequestOperation.h */ = {isa = PBXFileReference; fileEncoding = 4; lastKnownFileType = sourcecode.c.h; path = AFHTTPRequestOperation.h; sourceTree = "<group>"; };
		3FA0BED21B83010F00FD42A0 /* AFHTTPRequestOperation.m */ = {isa = PBXFileReference; fileEncoding = 4; lastKnownFileType = sourcecode.c.objc; path = AFHTTPRequestOperation.m; sourceTree = "<group>"; };
		3FA0BED31B83010F00FD42A0 /* AFHTTPRequestOperationManager.h */ = {isa = PBXFileReference; fileEncoding = 4; lastKnownFileType = sourcecode.c.h; path = AFHTTPRequestOperationManager.h; sourceTree = "<group>"; };
		3FA0BED41B83010F00FD42A0 /* AFHTTPRequestOperationManager.m */ = {isa = PBXFileReference; fileEncoding = 4; lastKnownFileType = sourcecode.c.objc; path = AFHTTPRequestOperationManager.m; sourceTree = "<group>"; };
		3FA0BED51B83010F00FD42A0 /* AFHTTPSessionManager.h */ = {isa = PBXFileReference; fileEncoding = 4; lastKnownFileType = sourcecode.c.h; path = AFHTTPSessionManager.h; sourceTree = "<group>"; };
		3FA0BED61B83010F00FD42A0 /* AFHTTPSessionManager.m */ = {isa = PBXFileReference; fileEncoding = 4; lastKnownFileType = sourcecode.c.objc; path = AFHTTPSessionManager.m; sourceTree = "<group>"; };
		3FA0BED71B83010F00FD42A0 /* AFNetworking.h */ = {isa = PBXFileReference; fileEncoding = 4; lastKnownFileType = sourcecode.c.h; path = AFNetworking.h; sourceTree = "<group>"; };
		3FA0BED81B83010F00FD42A0 /* AFNetworkReachabilityManager.h */ = {isa = PBXFileReference; fileEncoding = 4; lastKnownFileType = sourcecode.c.h; path = AFNetworkReachabilityManager.h; sourceTree = "<group>"; };
		3FA0BED91B83010F00FD42A0 /* AFNetworkReachabilityManager.m */ = {isa = PBXFileReference; fileEncoding = 4; lastKnownFileType = sourcecode.c.objc; path = AFNetworkReachabilityManager.m; sourceTree = "<group>"; };
		3FA0BEDA1B83010F00FD42A0 /* AFSecurityPolicy.h */ = {isa = PBXFileReference; fileEncoding = 4; lastKnownFileType = sourcecode.c.h; path = AFSecurityPolicy.h; sourceTree = "<group>"; };
		3FA0BEDB1B83010F00FD42A0 /* AFSecurityPolicy.m */ = {isa = PBXFileReference; fileEncoding = 4; lastKnownFileType = sourcecode.c.objc; path = AFSecurityPolicy.m; sourceTree = "<group>"; };
		3FA0BEDC1B83010F00FD42A0 /* AFURLConnectionOperation.h */ = {isa = PBXFileReference; fileEncoding = 4; lastKnownFileType = sourcecode.c.h; path = AFURLConnectionOperation.h; sourceTree = "<group>"; };
		3FA0BEDD1B83010F00FD42A0 /* AFURLConnectionOperation.m */ = {isa = PBXFileReference; fileEncoding = 4; lastKnownFileType = sourcecode.c.objc; path = AFURLConnectionOperation.m; sourceTree = "<group>"; };
		3FA0BEDE1B83010F00FD42A0 /* AFURLRequestSerialization.h */ = {isa = PBXFileReference; fileEncoding = 4; lastKnownFileType = sourcecode.c.h; path = AFURLRequestSerialization.h; sourceTree = "<group>"; };
		3FA0BEDF1B83010F00FD42A0 /* AFURLRequestSerialization.m */ = {isa = PBXFileReference; fileEncoding = 4; lastKnownFileType = sourcecode.c.objc; path = AFURLRequestSerialization.m; sourceTree = "<group>"; };
		3FA0BEE01B83010F00FD42A0 /* AFURLResponseSerialization.h */ = {isa = PBXFileReference; fileEncoding = 4; lastKnownFileType = sourcecode.c.h; path = AFURLResponseSerialization.h; sourceTree = "<group>"; };
		3FA0BEE11B83010F00FD42A0 /* AFURLResponseSerialization.m */ = {isa = PBXFileReference; fileEncoding = 4; lastKnownFileType = sourcecode.c.objc; path = AFURLResponseSerialization.m; sourceTree = "<group>"; };
		3FA0BEE21B83010F00FD42A0 /* AFURLSessionManager.h */ = {isa = PBXFileReference; fileEncoding = 4; lastKnownFileType = sourcecode.c.h; path = AFURLSessionManager.h; sourceTree = "<group>"; };
		3FA0BEE31B83010F00FD42A0 /* AFURLSessionManager.m */ = {isa = PBXFileReference; fileEncoding = 4; lastKnownFileType = sourcecode.c.objc; path = AFURLSessionManager.m; sourceTree = "<group>"; };
		3FA0BEE51B83010F00FD42A0 /* AFNetworkActivityIndicatorManager.h */ = {isa = PBXFileReference; fileEncoding = 4; lastKnownFileType = sourcecode.c.h; path = AFNetworkActivityIndicatorManager.h; sourceTree = "<group>"; };
		3FA0BEE61B83010F00FD42A0 /* AFNetworkActivityIndicatorManager.m */ = {isa = PBXFileReference; fileEncoding = 4; lastKnownFileType = sourcecode.c.objc; path = AFNetworkActivityIndicatorManager.m; sourceTree = "<group>"; };
		3FA0BEE71B83010F00FD42A0 /* UIActivityIndicatorView+AFNetworking.h */ = {isa = PBXFileReference; fileEncoding = 4; lastKnownFileType = sourcecode.c.h; path = "UIActivityIndicatorView+AFNetworking.h"; sourceTree = "<group>"; };
		3FA0BEE81B83010F00FD42A0 /* UIActivityIndicatorView+AFNetworking.m */ = {isa = PBXFileReference; fileEncoding = 4; lastKnownFileType = sourcecode.c.objc; path = "UIActivityIndicatorView+AFNetworking.m"; sourceTree = "<group>"; };
		3FA0BEE91B83010F00FD42A0 /* UIAlertView+AFNetworking.h */ = {isa = PBXFileReference; fileEncoding = 4; lastKnownFileType = sourcecode.c.h; path = "UIAlertView+AFNetworking.h"; sourceTree = "<group>"; };
		3FA0BEEA1B83010F00FD42A0 /* UIAlertView+AFNetworking.m */ = {isa = PBXFileReference; fileEncoding = 4; lastKnownFileType = sourcecode.c.objc; path = "UIAlertView+AFNetworking.m"; sourceTree = "<group>"; };
		3FA0BEEB1B83010F00FD42A0 /* UIButton+AFNetworking.h */ = {isa = PBXFileReference; fileEncoding = 4; lastKnownFileType = sourcecode.c.h; path = "UIButton+AFNetworking.h"; sourceTree = "<group>"; };
		3FA0BEEC1B83010F00FD42A0 /* UIButton+AFNetworking.m */ = {isa = PBXFileReference; fileEncoding = 4; lastKnownFileType = sourcecode.c.objc; path = "UIButton+AFNetworking.m"; sourceTree = "<group>"; };
		3FA0BEED1B83010F00FD42A0 /* UIImage+AFNetworking.h */ = {isa = PBXFileReference; fileEncoding = 4; lastKnownFileType = sourcecode.c.h; path = "UIImage+AFNetworking.h"; sourceTree = "<group>"; };
		3FA0BEEE1B83010F00FD42A0 /* UIImageView+AFNetworking.h */ = {isa = PBXFileReference; fileEncoding = 4; lastKnownFileType = sourcecode.c.h; path = "UIImageView+AFNetworking.h"; sourceTree = "<group>"; };
		3FA0BEEF1B83010F00FD42A0 /* UIImageView+AFNetworking.m */ = {isa = PBXFileReference; fileEncoding = 4; lastKnownFileType = sourcecode.c.objc; path = "UIImageView+AFNetworking.m"; sourceTree = "<group>"; };
		3FA0BEF01B83010F00FD42A0 /* UIKit+AFNetworking.h */ = {isa = PBXFileReference; fileEncoding = 4; lastKnownFileType = sourcecode.c.h; path = "UIKit+AFNetworking.h"; sourceTree = "<group>"; };
		3FA0BEF11B83010F00FD42A0 /* UIProgressView+AFNetworking.h */ = {isa = PBXFileReference; fileEncoding = 4; lastKnownFileType = sourcecode.c.h; path = "UIProgressView+AFNetworking.h"; sourceTree = "<group>"; };
		3FA0BEF21B83010F00FD42A0 /* UIProgressView+AFNetworking.m */ = {isa = PBXFileReference; fileEncoding = 4; lastKnownFileType = sourcecode.c.objc; path = "UIProgressView+AFNetworking.m"; sourceTree = "<group>"; };
		3FA0BEF31B83010F00FD42A0 /* UIRefreshControl+AFNetworking.h */ = {isa = PBXFileReference; fileEncoding = 4; lastKnownFileType = sourcecode.c.h; path = "UIRefreshControl+AFNetworking.h"; sourceTree = "<group>"; };
		3FA0BEF41B83010F00FD42A0 /* UIRefreshControl+AFNetworking.m */ = {isa = PBXFileReference; fileEncoding = 4; lastKnownFileType = sourcecode.c.objc; path = "UIRefreshControl+AFNetworking.m"; sourceTree = "<group>"; };
		3FA0BEF51B83010F00FD42A0 /* UIWebView+AFNetworking.h */ = {isa = PBXFileReference; fileEncoding = 4; lastKnownFileType = sourcecode.c.h; path = "UIWebView+AFNetworking.h"; sourceTree = "<group>"; };
		3FA0BEF61B83010F00FD42A0 /* UIWebView+AFNetworking.m */ = {isa = PBXFileReference; fileEncoding = 4; lastKnownFileType = sourcecode.c.objc; path = "UIWebView+AFNetworking.m"; sourceTree = "<group>"; };
		3FA0BF081B8301CF00FD42A0 /* PrefixHeader.pch */ = {isa = PBXFileReference; lastKnownFileType = sourcecode.c.h; path = PrefixHeader.pch; sourceTree = "<group>"; };
		3FA0BF0A1B830CC600FD42A0 /* TabbarViewController.h */ = {isa = PBXFileReference; fileEncoding = 4; lastKnownFileType = sourcecode.c.h; path = TabbarViewController.h; sourceTree = "<group>"; };
		3FA0BF0B1B830CC600FD42A0 /* TabbarViewController.m */ = {isa = PBXFileReference; fileEncoding = 4; lastKnownFileType = sourcecode.c.objc; path = TabbarViewController.m; sourceTree = "<group>"; };
		3FA0BF0D1B830CE700FD42A0 /* HomeNavViewController.h */ = {isa = PBXFileReference; fileEncoding = 4; lastKnownFileType = sourcecode.c.h; path = HomeNavViewController.h; sourceTree = "<group>"; };
		3FA0BF0E1B830CE700FD42A0 /* HomeNavViewController.m */ = {isa = PBXFileReference; fileEncoding = 4; lastKnownFileType = sourcecode.c.objc; path = HomeNavViewController.m; sourceTree = "<group>"; };
		3FA0BF101B830D0B00FD42A0 /* ScanNavViewController.h */ = {isa = PBXFileReference; fileEncoding = 4; lastKnownFileType = sourcecode.c.h; path = ScanNavViewController.h; sourceTree = "<group>"; };
		3FA0BF111B830D0B00FD42A0 /* ScanNavViewController.m */ = {isa = PBXFileReference; fileEncoding = 4; lastKnownFileType = sourcecode.c.objc; path = ScanNavViewController.m; sourceTree = "<group>"; };
		3FA0BF131B830D1700FD42A0 /* MineNavViewController.h */ = {isa = PBXFileReference; fileEncoding = 4; lastKnownFileType = sourcecode.c.h; path = MineNavViewController.h; sourceTree = "<group>"; };
		3FA0BF141B830D1700FD42A0 /* MineNavViewController.m */ = {isa = PBXFileReference; fileEncoding = 4; lastKnownFileType = sourcecode.c.objc; path = MineNavViewController.m; sourceTree = "<group>"; };
		3FA0BF181B830DD900FD42A0 /* HomeViewController.h */ = {isa = PBXFileReference; fileEncoding = 4; lastKnownFileType = sourcecode.c.h; path = HomeViewController.h; sourceTree = "<group>"; };
		3FA0BF191B830DD900FD42A0 /* HomeViewController.m */ = {isa = PBXFileReference; fileEncoding = 4; lastKnownFileType = sourcecode.c.objc; path = HomeViewController.m; sourceTree = "<group>"; };
		3FA0BF1B1B830DEE00FD42A0 /* MineViewController.h */ = {isa = PBXFileReference; fileEncoding = 4; lastKnownFileType = sourcecode.c.h; path = MineViewController.h; sourceTree = "<group>"; };
		3FA0BF1C1B830DEE00FD42A0 /* MineViewController.m */ = {isa = PBXFileReference; fileEncoding = 4; lastKnownFileType = sourcecode.c.objc; path = MineViewController.m; sourceTree = "<group>"; };
		3FA0BF1E1B830DFC00FD42A0 /* ScanViewController.h */ = {isa = PBXFileReference; fileEncoding = 4; lastKnownFileType = sourcecode.c.h; path = ScanViewController.h; sourceTree = "<group>"; };
		3FA0BF1F1B830DFC00FD42A0 /* ScanViewController.m */ = {isa = PBXFileReference; fileEncoding = 4; lastKnownFileType = sourcecode.c.objc; path = ScanViewController.m; sourceTree = "<group>"; };
		3FA0BF211B83153E00FD42A0 /* TabBarItem.h */ = {isa = PBXFileReference; fileEncoding = 4; lastKnownFileType = sourcecode.c.h; path = TabBarItem.h; sourceTree = "<group>"; };
		3FA0BF221B83153E00FD42A0 /* TabBarItem.m */ = {isa = PBXFileReference; fileEncoding = 4; lastKnownFileType = sourcecode.c.objc; path = TabBarItem.m; sourceTree = "<group>"; };
		3FA0BF241B831B6800FD42A0 /* YanMethodManager.h */ = {isa = PBXFileReference; fileEncoding = 4; lastKnownFileType = sourcecode.c.h; path = YanMethodManager.h; sourceTree = "<group>"; };
		3FA0BF251B831B6800FD42A0 /* YanMethodManager.m */ = {isa = PBXFileReference; fileEncoding = 4; lastKnownFileType = sourcecode.c.objc; path = YanMethodManager.m; sourceTree = "<group>"; };
		3FA0BF271B831BE900FD42A0 /* MBProgressHUD.h */ = {isa = PBXFileReference; fileEncoding = 4; lastKnownFileType = sourcecode.c.h; path = MBProgressHUD.h; sourceTree = "<group>"; };
		3FA0BF281B831BE900FD42A0 /* MBProgressHUD.m */ = {isa = PBXFileReference; fileEncoding = 4; lastKnownFileType = sourcecode.c.objc; path = MBProgressHUD.m; sourceTree = "<group>"; };
		3FD49CE51B8567CC00A65E65 /* AddGoodsView.h */ = {isa = PBXFileReference; fileEncoding = 4; lastKnownFileType = sourcecode.c.h; path = AddGoodsView.h; sourceTree = "<group>"; };
		3FD49CE61B8567CC00A65E65 /* AddGoodsView.m */ = {isa = PBXFileReference; fileEncoding = 4; lastKnownFileType = sourcecode.c.objc; path = AddGoodsView.m; sourceTree = "<group>"; };
		3FD49CEC1B857A1700A65E65 /* Decoder.h */ = {isa = PBXFileReference; fileEncoding = 4; lastKnownFileType = sourcecode.c.h; path = Decoder.h; sourceTree = "<group>"; };
		3FD49CED1B857A1700A65E65 /* Exception.h */ = {isa = PBXFileReference; fileEncoding = 4; lastKnownFileType = sourcecode.c.h; path = Exception.h; sourceTree = "<group>"; };
		3FD49CEE1B857A1700A65E65 /* Image.h */ = {isa = PBXFileReference; fileEncoding = 4; lastKnownFileType = sourcecode.c.h; path = Image.h; sourceTree = "<group>"; };
		3FD49CEF1B857A1700A65E65 /* ImageScanner.h */ = {isa = PBXFileReference; fileEncoding = 4; lastKnownFileType = sourcecode.c.h; path = ImageScanner.h; sourceTree = "<group>"; };
		3FD49CF01B857A1700A65E65 /* Processor.h */ = {isa = PBXFileReference; fileEncoding = 4; lastKnownFileType = sourcecode.c.h; path = Processor.h; sourceTree = "<group>"; };
		3FD49CF11B857A1700A65E65 /* Scanner.h */ = {isa = PBXFileReference; fileEncoding = 4; lastKnownFileType = sourcecode.c.h; path = Scanner.h; sourceTree = "<group>"; };
		3FD49CF21B857A1700A65E65 /* Symbol.h */ = {isa = PBXFileReference; fileEncoding = 4; lastKnownFileType = sourcecode.c.h; path = Symbol.h; sourceTree = "<group>"; };
		3FD49CF31B857A1700A65E65 /* Video.h */ = {isa = PBXFileReference; fileEncoding = 4; lastKnownFileType = sourcecode.c.h; path = Video.h; sourceTree = "<group>"; };
		3FD49CF41B857A1700A65E65 /* Window.h */ = {isa = PBXFileReference; fileEncoding = 4; lastKnownFileType = sourcecode.c.h; path = Window.h; sourceTree = "<group>"; };
		3FD49CF51B857A1700A65E65 /* zbar.h */ = {isa = PBXFileReference; fileEncoding = 4; lastKnownFileType = sourcecode.c.h; path = zbar.h; sourceTree = "<group>"; };
		3FD49CF61B857A1700A65E65 /* ZBarCameraSimulator.h */ = {isa = PBXFileReference; fileEncoding = 4; lastKnownFileType = sourcecode.c.h; path = ZBarCameraSimulator.h; sourceTree = "<group>"; };
		3FD49CF71B857A1700A65E65 /* ZBarCaptureReader.h */ = {isa = PBXFileReference; fileEncoding = 4; lastKnownFileType = sourcecode.c.h; path = ZBarCaptureReader.h; sourceTree = "<group>"; };
		3FD49CF81B857A1700A65E65 /* ZBarHelpController.h */ = {isa = PBXFileReference; fileEncoding = 4; lastKnownFileType = sourcecode.c.h; path = ZBarHelpController.h; sourceTree = "<group>"; };
		3FD49CF91B857A1700A65E65 /* ZBarImage.h */ = {isa = PBXFileReference; fileEncoding = 4; lastKnownFileType = sourcecode.c.h; path = ZBarImage.h; sourceTree = "<group>"; };
		3FD49CFA1B857A1700A65E65 /* ZBarImageScanner.h */ = {isa = PBXFileReference; fileEncoding = 4; lastKnownFileType = sourcecode.c.h; path = ZBarImageScanner.h; sourceTree = "<group>"; };
		3FD49CFB1B857A1700A65E65 /* ZBarReaderController.h */ = {isa = PBXFileReference; fileEncoding = 4; lastKnownFileType = sourcecode.c.h; path = ZBarReaderController.h; sourceTree = "<group>"; };
		3FD49CFC1B857A1700A65E65 /* ZBarReaderView.h */ = {isa = PBXFileReference; fileEncoding = 4; lastKnownFileType = sourcecode.c.h; path = ZBarReaderView.h; sourceTree = "<group>"; };
		3FD49CFD1B857A1700A65E65 /* ZBarReaderViewController.h */ = {isa = PBXFileReference; fileEncoding = 4; lastKnownFileType = sourcecode.c.h; path = ZBarReaderViewController.h; sourceTree = "<group>"; };
		3FD49CFE1B857A1700A65E65 /* ZBarSDK.h */ = {isa = PBXFileReference; fileEncoding = 4; lastKnownFileType = sourcecode.c.h; path = ZBarSDK.h; sourceTree = "<group>"; };
		3FD49CFF1B857A1700A65E65 /* ZBarSymbol.h */ = {isa = PBXFileReference; fileEncoding = 4; lastKnownFileType = sourcecode.c.h; path = ZBarSymbol.h; sourceTree = "<group>"; };
		3FD49D001B857A1700A65E65 /* libzbar.a */ = {isa = PBXFileReference; lastKnownFileType = archive.ar; path = libzbar.a; sourceTree = "<group>"; };
		3FD49D021B857A1700A65E65 /* zbar-back.png */ = {isa = PBXFileReference; lastKnownFileType = image.png; path = "zbar-back.png"; sourceTree = "<group>"; };
		3FD49D031B857A1700A65E65 /* zbar-help.html */ = {isa = PBXFileReference; fileEncoding = 4; lastKnownFileType = text.html; path = "zbar-help.html"; sourceTree = "<group>"; };
		3FD49D041B857A1700A65E65 /* zbar-helpicons.png */ = {isa = PBXFileReference; lastKnownFileType = image.png; path = "zbar-helpicons.png"; sourceTree = "<group>"; };
		3FD49D051B857A1700A65E65 /* zbar-samples.png */ = {isa = PBXFileReference; lastKnownFileType = image.png; path = "zbar-samples.png"; sourceTree = "<group>"; };
		3FD49D0B1B857A3400A65E65 /* AVFoundation.framework */ = {isa = PBXFileReference; lastKnownFileType = wrapper.framework; name = AVFoundation.framework; path = System/Library/Frameworks/AVFoundation.framework; sourceTree = SDKROOT; };
		3FD49D0D1B857A3F00A65E65 /* CoreMedia.framework */ = {isa = PBXFileReference; lastKnownFileType = wrapper.framework; name = CoreMedia.framework; path = System/Library/Frameworks/CoreMedia.framework; sourceTree = SDKROOT; };
		3FD49D0F1B857A6900A65E65 /* CoreVideo.framework */ = {isa = PBXFileReference; lastKnownFileType = wrapper.framework; name = CoreVideo.framework; path = System/Library/Frameworks/CoreVideo.framework; sourceTree = SDKROOT; };
		3FD49D111B857A7100A65E65 /* QuartzCore.framework */ = {isa = PBXFileReference; lastKnownFileType = wrapper.framework; name = QuartzCore.framework; path = System/Library/Frameworks/QuartzCore.framework; sourceTree = SDKROOT; };
		3FD49D131B857A7E00A65E65 /* libiconv.dylib */ = {isa = PBXFileReference; lastKnownFileType = "compiled.mach-o.dylib"; name = libiconv.dylib; path = usr/lib/libiconv.dylib; sourceTree = SDKROOT; };
		3FD49D181B85CA6E00A65E65 /* RetrievePWView.h */ = {isa = PBXFileReference; fileEncoding = 4; lastKnownFileType = sourcecode.c.h; path = RetrievePWView.h; sourceTree = "<group>"; };
		3FD49D191B85CA6E00A65E65 /* RetrievePWView.m */ = {isa = PBXFileReference; fileEncoding = 4; lastKnownFileType = sourcecode.c.objc; path = RetrievePWView.m; sourceTree = "<group>"; };
		3FD49D1B1B85CB5500A65E65 /* RetrievePasswordViewController.h */ = {isa = PBXFileReference; fileEncoding = 4; lastKnownFileType = sourcecode.c.h; path = RetrievePasswordViewController.h; sourceTree = "<group>"; };
		3FD49D1C1B85CB5500A65E65 /* RetrievePasswordViewController.m */ = {isa = PBXFileReference; fileEncoding = 4; lastKnownFileType = sourcecode.c.objc; path = RetrievePasswordViewController.m; sourceTree = "<group>"; };
		3FD49D1F1B85D33400A65E65 /* GCPlaceholderTextView.h */ = {isa = PBXFileReference; fileEncoding = 4; lastKnownFileType = sourcecode.c.h; path = GCPlaceholderTextView.h; sourceTree = "<group>"; };
		3FD49D201B85D33400A65E65 /* GCPlaceholderTextView.m */ = {isa = PBXFileReference; fileEncoding = 4; lastKnownFileType = sourcecode.c.objc; path = GCPlaceholderTextView.m; sourceTree = "<group>"; };
		3FD49D221B85D3E500A65E65 /* FeedbackViewController.h */ = {isa = PBXFileReference; fileEncoding = 4; lastKnownFileType = sourcecode.c.h; path = FeedbackViewController.h; sourceTree = "<group>"; };
		3FD49D231B85D3E500A65E65 /* FeedbackViewController.m */ = {isa = PBXFileReference; fileEncoding = 4; lastKnownFileType = sourcecode.c.objc; path = FeedbackViewController.m; sourceTree = "<group>"; };
		3FED75291B8421E400DD53B9 /* HomeBtnView.h */ = {isa = PBXFileReference; fileEncoding = 4; lastKnownFileType = sourcecode.c.h; path = HomeBtnView.h; sourceTree = "<group>"; };
		3FED752A1B8421E400DD53B9 /* HomeBtnView.m */ = {isa = PBXFileReference; fileEncoding = 4; lastKnownFileType = sourcecode.c.objc; path = HomeBtnView.m; sourceTree = "<group>"; };
		3FED752D1B8432A800DD53B9 /* OrderStatisticsViewController.h */ = {isa = PBXFileReference; fileEncoding = 4; lastKnownFileType = sourcecode.c.h; path = OrderStatisticsViewController.h; sourceTree = "<group>"; };
		3FED752E1B8432A800DD53B9 /* OrderStatisticsViewController.m */ = {isa = PBXFileReference; fileEncoding = 4; lastKnownFileType = sourcecode.c.objc; path = OrderStatisticsViewController.m; sourceTree = "<group>"; };
		3FED75301B844E0000DD53B9 /* OrderStatisticsTableViewCell.h */ = {isa = PBXFileReference; fileEncoding = 4; lastKnownFileType = sourcecode.c.h; path = OrderStatisticsTableViewCell.h; sourceTree = "<group>"; };
		3FED75311B844E0000DD53B9 /* OrderStatisticsTableViewCell.m */ = {isa = PBXFileReference; fileEncoding = 4; lastKnownFileType = sourcecode.c.objc; path = OrderStatisticsTableViewCell.m; sourceTree = "<group>"; };
		3FED75331B8451AF00DD53B9 /* ScrollHeaderView.h */ = {isa = PBXFileReference; fileEncoding = 4; lastKnownFileType = sourcecode.c.h; path = ScrollHeaderView.h; sourceTree = "<group>"; };
		3FED75341B8451AF00DD53B9 /* ScrollHeaderView.m */ = {isa = PBXFileReference; fileEncoding = 4; lastKnownFileType = sourcecode.c.objc; path = ScrollHeaderView.m; sourceTree = "<group>"; };
		3FF3146C1B847512004C620B /* GoodsManagementViewController.h */ = {isa = PBXFileReference; fileEncoding = 4; lastKnownFileType = sourcecode.c.h; path = GoodsManagementViewController.h; sourceTree = "<group>"; };
		3FF3146D1B847512004C620B /* GoodsManagementViewController.m */ = {isa = PBXFileReference; fileEncoding = 4; lastKnownFileType = sourcecode.c.objc; path = GoodsManagementViewController.m; sourceTree = "<group>"; };
		3FF3146F1B847F44004C620B /* SearchView.h */ = {isa = PBXFileReference; fileEncoding = 4; lastKnownFileType = sourcecode.c.h; path = SearchView.h; sourceTree = "<group>"; };
		3FF314701B847F44004C620B /* SearchView.m */ = {isa = PBXFileReference; fileEncoding = 4; lastKnownFileType = sourcecode.c.objc; path = SearchView.m; sourceTree = "<group>"; };
		3FF314721B8481B7004C620B /* SearchResultViewController.h */ = {isa = PBXFileReference; fileEncoding = 4; lastKnownFileType = sourcecode.c.h; path = SearchResultViewController.h; sourceTree = "<group>"; };
		3FF314731B8481B7004C620B /* SearchResultViewController.m */ = {isa = PBXFileReference; fileEncoding = 4; lastKnownFileType = sourcecode.c.objc; path = SearchResultViewController.m; sourceTree = "<group>"; };
		3FF314751B8489B6004C620B /* GoodsTableViewCell.h */ = {isa = PBXFileReference; fileEncoding = 4; lastKnownFileType = sourcecode.c.h; path = GoodsTableViewCell.h; sourceTree = "<group>"; };
		3FF314761B8489B6004C620B /* GoodsTableViewCell.m */ = {isa = PBXFileReference; fileEncoding = 4; lastKnownFileType = sourcecode.c.objc; path = GoodsTableViewCell.m; sourceTree = "<group>"; };
/* End PBXFileReference section */

/* Begin PBXFrameworksBuildPhase section */
		3FA0BE431B82B8E700FD42A0 /* Frameworks */ = {
			isa = PBXFrameworksBuildPhase;
			buildActionMask = 2147483647;
			files = (
				3FD49D141B857A7E00A65E65 /* libiconv.dylib in Frameworks */,
				3FD49D121B857A7100A65E65 /* QuartzCore.framework in Frameworks */,
				3FD49D101B857A6900A65E65 /* CoreVideo.framework in Frameworks */,
				3FD49D0E1B857A3F00A65E65 /* CoreMedia.framework in Frameworks */,
				3FD49D0C1B857A3400A65E65 /* AVFoundation.framework in Frameworks */,
				3FD49D061B857A1700A65E65 /* libzbar.a in Frameworks */,
			);
			runOnlyForDeploymentPostprocessing = 0;
		};
		3FA0BE5C1B82B8E800FD42A0 /* Frameworks */ = {
			isa = PBXFrameworksBuildPhase;
			buildActionMask = 2147483647;
			files = (
			);
			runOnlyForDeploymentPostprocessing = 0;
		};
/* End PBXFrameworksBuildPhase section */

/* Begin PBXGroup section */
		3F75DC771B86BC190021E770 /* Praise */ = {
			isa = PBXGroup;
			children = (
				3F75DC781B86BC3F0021E770 /* PraiseViewController.h */,
				3F75DC791B86BC3F0021E770 /* PraiseViewController.m */,
				3F75DC7E1B86F1A10021E770 /* PraiseSingleViewController.h */,
				3F75DC7F1B86F1A10021E770 /* PraiseSingleViewController.m */,
				3F75DC811B86F27C0021E770 /* StarsView.h */,
				3F75DC821B86F27C0021E770 /* StarsView.m */,
				3F75DC841B86F63C0021E770 /* PraiseTableViewCell.h */,
				3F75DC851B86F63C0021E770 /* PraiseTableViewCell.m */,
				3F75DC871B86F9B60021E770 /* PraiseModel.h */,
				3F75DC881B86F9B60021E770 /* PraiseModel.m */,
			);
			name = Praise;
			sourceTree = "<group>";
		};
		3F8BE1B51B840D59004F7BD4 /* homeViews */ = {
			isa = PBXGroup;
			children = (
				3F8BE1B61B840D8E004F7BD4 /* DayTurnoverStatisticView.h */,
				3F8BE1B71B840D8E004F7BD4 /* DayTurnoverStatisticView.m */,
				3FED75291B8421E400DD53B9 /* HomeBtnView.h */,
				3FED752A1B8421E400DD53B9 /* HomeBtnView.m */,
			);
			name = homeViews;
			sourceTree = "<group>";
		};
		3FA0BE3D1B82B8E700FD42A0 = {
			isa = PBXGroup;
			children = (
				3FD49D131B857A7E00A65E65 /* libiconv.dylib */,
				3FD49D111B857A7100A65E65 /* QuartzCore.framework */,
				3FD49D0F1B857A6900A65E65 /* CoreVideo.framework */,
				3FD49D0D1B857A3F00A65E65 /* CoreMedia.framework */,
				3FD49D0B1B857A3400A65E65 /* AVFoundation.framework */,
				3FA0BE481B82B8E700FD42A0 /* LbsqMerchantVersion */,
				3FA0BE621B82B8E800FD42A0 /* LbsqMerchantVersionTests */,
				3FA0BE471B82B8E700FD42A0 /* Products */,
			);
			sourceTree = "<group>";
		};
		3FA0BE471B82B8E700FD42A0 /* Products */ = {
			isa = PBXGroup;
			children = (
				3FA0BE461B82B8E700FD42A0 /* LbsqMerchantVersion.app */,
				3FA0BE5F1B82B8E800FD42A0 /* LbsqMerchantVersionTests.xctest */,
			);
			name = Products;
			sourceTree = "<group>";
		};
		3FA0BE481B82B8E700FD42A0 /* LbsqMerchantVersion */ = {
			isa = PBXGroup;
			children = (
				3F75DC771B86BC190021E770 /* Praise */,
				3FF3146B1B8474EC004C620B /* GoodsManagement */,
				3FA0BF171B830DC100FD42A0 /* Mine */,
				3FA0BF161B830DB700FD42A0 /* Home */,
				3FA0BF091B830C6100FD42A0 /* MainControllers */,
				3FA0BE4D1B82B8E700FD42A0 /* AppDelegate.h */,
				3FA0BE4E1B82B8E700FD42A0 /* AppDelegate.m */,
				3FA0BE501B82B8E700FD42A0 /* ViewController.h */,
				3FA0BE511B82B8E700FD42A0 /* ViewController.m */,
				3FA0BE531B82B8E700FD42A0 /* Main.storyboard */,
				3FA0BE561B82B8E700FD42A0 /* Images.xcassets */,
				3FA0BE581B82B8E700FD42A0 /* LaunchScreen.xib */,
				3FA0BE6F1B83004400FD42A0 /* thirdPart */,
				3FA0BE491B82B8E700FD42A0 /* Supporting Files */,
			);
			path = LbsqMerchantVersion;
			sourceTree = "<group>";
		};
		3FA0BE491B82B8E700FD42A0 /* Supporting Files */ = {
			isa = PBXGroup;
			children = (
				3FA0BE4A1B82B8E700FD42A0 /* Info.plist */,
				3FA0BE4B1B82B8E700FD42A0 /* main.m */,
			);
			name = "Supporting Files";
			sourceTree = "<group>";
		};
		3FA0BE621B82B8E800FD42A0 /* LbsqMerchantVersionTests */ = {
			isa = PBXGroup;
			children = (
				3FA0BE651B82B8E800FD42A0 /* LbsqMerchantVersionTests.m */,
				3FA0BE631B82B8E800FD42A0 /* Supporting Files */,
			);
			path = LbsqMerchantVersionTests;
			sourceTree = "<group>";
		};
		3FA0BE631B82B8E800FD42A0 /* Supporting Files */ = {
			isa = PBXGroup;
			children = (
				3FA0BE641B82B8E800FD42A0 /* Info.plist */,
			);
			name = "Supporting Files";
			sourceTree = "<group>";
		};
		3FA0BE6F1B83004400FD42A0 /* thirdPart */ = {
			isa = PBXGroup;
			children = (
				3FA0BF081B8301CF00FD42A0 /* PrefixHeader.pch */,
				3F8BE1B91B841131004F7BD4 /* ControlExtension.h */,
				3F8BE1BA1B841131004F7BD4 /* ControlExtension.m */,
				3FA0BF241B831B6800FD42A0 /* YanMethodManager.h */,
				3FA0BF251B831B6800FD42A0 /* YanMethodManager.m */,
				3FA0BF271B831BE900FD42A0 /* MBProgressHUD.h */,
				3FA0BF281B831BE900FD42A0 /* MBProgressHUD.m */,
				3FD49D1E1B85D33400A65E65 /* TextViewPlaceholder */,
				3FD49CE81B857A1700A65E65 /* ZBarSDK */,
				3FA0BECF1B8300F300FD42A0 /* AFNetworking */,
				3FA0BEAA1B8300C800FD42A0 /* MJRefresh */,
				3FA0BEA61B8300B300FD42A0 /* Toast */,
				3FA0BE741B8300AC00FD42A0 /* SDWebImage */,
				3FA0BE701B8300A300FD42A0 /* UIViewAdditions */,
			);
			path = thirdPart;
			sourceTree = "<group>";
		};
		3FA0BE701B8300A300FD42A0 /* UIViewAdditions */ = {
			isa = PBXGroup;
			children = (
				3FA0BE711B8300A300FD42A0 /* UIViewAdditions.h */,
				3FA0BE721B8300A300FD42A0 /* UIViewAdditions.m */,
			);
			path = UIViewAdditions;
			sourceTree = "<group>";
		};
		3FA0BE741B8300AC00FD42A0 /* SDWebImage */ = {
			isa = PBXGroup;
			children = (
				3FA0BE751B8300AC00FD42A0 /* MKAnnotationView+WebCache.h */,
				3FA0BE761B8300AC00FD42A0 /* MKAnnotationView+WebCache.m */,
				3FA0BE771B8300AC00FD42A0 /* NSData+ImageContentType.h */,
				3FA0BE781B8300AC00FD42A0 /* NSData+ImageContentType.m */,
				3FA0BE791B8300AC00FD42A0 /* SDImageCache.h */,
				3FA0BE7A1B8300AC00FD42A0 /* SDImageCache.m */,
				3FA0BE7B1B8300AC00FD42A0 /* SDWebImageCompat.h */,
				3FA0BE7C1B8300AC00FD42A0 /* SDWebImageCompat.m */,
				3FA0BE7D1B8300AC00FD42A0 /* SDWebImageDecoder.h */,
				3FA0BE7E1B8300AC00FD42A0 /* SDWebImageDecoder.m */,
				3FA0BE7F1B8300AC00FD42A0 /* SDWebImageDownloader.h */,
				3FA0BE801B8300AC00FD42A0 /* SDWebImageDownloader.m */,
				3FA0BE811B8300AC00FD42A0 /* SDWebImageDownloaderOperation.h */,
				3FA0BE821B8300AC00FD42A0 /* SDWebImageDownloaderOperation.m */,
				3FA0BE831B8300AC00FD42A0 /* SDWebImageManager.h */,
				3FA0BE841B8300AC00FD42A0 /* SDWebImageManager.m */,
				3FA0BE851B8300AC00FD42A0 /* SDWebImageOperation.h */,
				3FA0BE861B8300AC00FD42A0 /* SDWebImagePrefetcher.h */,
				3FA0BE871B8300AC00FD42A0 /* SDWebImagePrefetcher.m */,
				3FA0BE881B8300AC00FD42A0 /* UIButton+WebCache.h */,
				3FA0BE891B8300AC00FD42A0 /* UIButton+WebCache.m */,
				3FA0BE8A1B8300AC00FD42A0 /* UIImage+GIF.h */,
				3FA0BE8B1B8300AC00FD42A0 /* UIImage+GIF.m */,
				3FA0BE8C1B8300AC00FD42A0 /* UIImage+MultiFormat.h */,
				3FA0BE8D1B8300AC00FD42A0 /* UIImage+MultiFormat.m */,
				3FA0BE8E1B8300AC00FD42A0 /* UIImage+WebP.h */,
				3FA0BE8F1B8300AC00FD42A0 /* UIImage+WebP.m */,
				3FA0BE901B8300AC00FD42A0 /* UIImageView+HighlightedWebCache.h */,
				3FA0BE911B8300AC00FD42A0 /* UIImageView+HighlightedWebCache.m */,
				3FA0BE921B8300AC00FD42A0 /* UIImageView+WebCache.h */,
				3FA0BE931B8300AC00FD42A0 /* UIImageView+WebCache.m */,
				3FA0BE941B8300AC00FD42A0 /* UIView+WebCacheOperation.h */,
				3FA0BE951B8300AC00FD42A0 /* UIView+WebCacheOperation.m */,
			);
			path = SDWebImage;
			sourceTree = "<group>";
		};
		3FA0BEA61B8300B300FD42A0 /* Toast */ = {
			isa = PBXGroup;
			children = (
				3FA0BEA71B8300B300FD42A0 /* Toast+UIView.h */,
				3FA0BEA81B8300B300FD42A0 /* Toast+UIView.m */,
			);
			path = Toast;
			sourceTree = "<group>";
		};
		3FA0BEAA1B8300C800FD42A0 /* MJRefresh */ = {
			isa = PBXGroup;
			children = (
				3FA0BEAB1B8300C800FD42A0 /* MJRefresh.bundle */,
				3FA0BEAC1B8300C800FD42A0 /* MJRefresh.h */,
				3FA0BEAD1B8300C800FD42A0 /* MJRefreshComponent.h */,
				3FA0BEAE1B8300C800FD42A0 /* MJRefreshComponent.m */,
				3FA0BEAF1B8300C800FD42A0 /* MJRefreshConst.h */,
				3FA0BEB01B8300C800FD42A0 /* MJRefreshConst.m */,
				3FA0BEB11B8300C800FD42A0 /* MJRefreshFooter.h */,
				3FA0BEB21B8300C800FD42A0 /* MJRefreshFooter.m */,
				3FA0BEB31B8300C800FD42A0 /* MJRefreshGifFooter.h */,
				3FA0BEB41B8300C800FD42A0 /* MJRefreshGifFooter.m */,
				3FA0BEB51B8300C800FD42A0 /* MJRefreshGifHeader.h */,
				3FA0BEB61B8300C800FD42A0 /* MJRefreshGifHeader.m */,
				3FA0BEB71B8300C800FD42A0 /* MJRefreshHeader.h */,
				3FA0BEB81B8300C800FD42A0 /* MJRefreshHeader.m */,
				3FA0BEB91B8300C800FD42A0 /* MJRefreshLegendFooter.h */,
				3FA0BEBA1B8300C800FD42A0 /* MJRefreshLegendFooter.m */,
				3FA0BEBB1B8300C800FD42A0 /* MJRefreshLegendHeader.h */,
				3FA0BEBC1B8300C800FD42A0 /* MJRefreshLegendHeader.m */,
				3FA0BEBD1B8300C800FD42A0 /* UIScrollView+MJExtension.h */,
				3FA0BEBE1B8300C800FD42A0 /* UIScrollView+MJExtension.m */,
				3FA0BEBF1B8300C800FD42A0 /* UIScrollView+MJRefresh.h */,
				3FA0BEC01B8300C800FD42A0 /* UIScrollView+MJRefresh.m */,
				3FA0BEC11B8300C800FD42A0 /* UIView+MJExtension.h */,
				3FA0BEC21B8300C800FD42A0 /* UIView+MJExtension.m */,
			);
			path = MJRefresh;
			sourceTree = "<group>";
		};
		3FA0BECF1B8300F300FD42A0 /* AFNetworking */ = {
			isa = PBXGroup;
			children = (
				3FA0BED01B83010F00FD42A0 /* AFNetworking */,
				3FA0BEE41B83010F00FD42A0 /* UIKit+AFNetworking */,
			);
			name = AFNetworking;
			sourceTree = "<group>";
		};
		3FA0BED01B83010F00FD42A0 /* AFNetworking */ = {
			isa = PBXGroup;
			children = (
				3FA0BED11B83010F00FD42A0 /* AFHTTPRequestOperation.h */,
				3FA0BED21B83010F00FD42A0 /* AFHTTPRequestOperation.m */,
				3FA0BED31B83010F00FD42A0 /* AFHTTPRequestOperationManager.h */,
				3FA0BED41B83010F00FD42A0 /* AFHTTPRequestOperationManager.m */,
				3FA0BED51B83010F00FD42A0 /* AFHTTPSessionManager.h */,
				3FA0BED61B83010F00FD42A0 /* AFHTTPSessionManager.m */,
				3FA0BED71B83010F00FD42A0 /* AFNetworking.h */,
				3FA0BED81B83010F00FD42A0 /* AFNetworkReachabilityManager.h */,
				3FA0BED91B83010F00FD42A0 /* AFNetworkReachabilityManager.m */,
				3FA0BEDA1B83010F00FD42A0 /* AFSecurityPolicy.h */,
				3FA0BEDB1B83010F00FD42A0 /* AFSecurityPolicy.m */,
				3FA0BEDC1B83010F00FD42A0 /* AFURLConnectionOperation.h */,
				3FA0BEDD1B83010F00FD42A0 /* AFURLConnectionOperation.m */,
				3FA0BEDE1B83010F00FD42A0 /* AFURLRequestSerialization.h */,
				3FA0BEDF1B83010F00FD42A0 /* AFURLRequestSerialization.m */,
				3FA0BEE01B83010F00FD42A0 /* AFURLResponseSerialization.h */,
				3FA0BEE11B83010F00FD42A0 /* AFURLResponseSerialization.m */,
				3FA0BEE21B83010F00FD42A0 /* AFURLSessionManager.h */,
				3FA0BEE31B83010F00FD42A0 /* AFURLSessionManager.m */,
			);
			path = AFNetworking;
			sourceTree = "<group>";
		};
		3FA0BEE41B83010F00FD42A0 /* UIKit+AFNetworking */ = {
			isa = PBXGroup;
			children = (
				3FA0BEE51B83010F00FD42A0 /* AFNetworkActivityIndicatorManager.h */,
				3FA0BEE61B83010F00FD42A0 /* AFNetworkActivityIndicatorManager.m */,
				3FA0BEE71B83010F00FD42A0 /* UIActivityIndicatorView+AFNetworking.h */,
				3FA0BEE81B83010F00FD42A0 /* UIActivityIndicatorView+AFNetworking.m */,
				3FA0BEE91B83010F00FD42A0 /* UIAlertView+AFNetworking.h */,
				3FA0BEEA1B83010F00FD42A0 /* UIAlertView+AFNetworking.m */,
				3FA0BEEB1B83010F00FD42A0 /* UIButton+AFNetworking.h */,
				3FA0BEEC1B83010F00FD42A0 /* UIButton+AFNetworking.m */,
				3FA0BEED1B83010F00FD42A0 /* UIImage+AFNetworking.h */,
				3FA0BEEE1B83010F00FD42A0 /* UIImageView+AFNetworking.h */,
				3FA0BEEF1B83010F00FD42A0 /* UIImageView+AFNetworking.m */,
				3FA0BEF01B83010F00FD42A0 /* UIKit+AFNetworking.h */,
				3FA0BEF11B83010F00FD42A0 /* UIProgressView+AFNetworking.h */,
				3FA0BEF21B83010F00FD42A0 /* UIProgressView+AFNetworking.m */,
				3FA0BEF31B83010F00FD42A0 /* UIRefreshControl+AFNetworking.h */,
				3FA0BEF41B83010F00FD42A0 /* UIRefreshControl+AFNetworking.m */,
				3FA0BEF51B83010F00FD42A0 /* UIWebView+AFNetworking.h */,
				3FA0BEF61B83010F00FD42A0 /* UIWebView+AFNetworking.m */,
			);
			path = "UIKit+AFNetworking";
			sourceTree = "<group>";
		};
		3FA0BF091B830C6100FD42A0 /* MainControllers */ = {
			isa = PBXGroup;
			children = (
				3FA0BF0A1B830CC600FD42A0 /* TabbarViewController.h */,
				3FA0BF0B1B830CC600FD42A0 /* TabbarViewController.m */,
				3FA0BF211B83153E00FD42A0 /* TabBarItem.h */,
				3FA0BF221B83153E00FD42A0 /* TabBarItem.m */,
				3FA0BF0D1B830CE700FD42A0 /* HomeNavViewController.h */,
				3FA0BF0E1B830CE700FD42A0 /* HomeNavViewController.m */,
				3FA0BF101B830D0B00FD42A0 /* ScanNavViewController.h */,
				3FA0BF111B830D0B00FD42A0 /* ScanNavViewController.m */,
				3FA0BF131B830D1700FD42A0 /* MineNavViewController.h */,
				3FA0BF141B830D1700FD42A0 /* MineNavViewController.m */,
			);
			name = MainControllers;
			sourceTree = "<group>";
		};
		3FA0BF161B830DB700FD42A0 /* Home */ = {
			isa = PBXGroup;
			children = (
				3FA0BF181B830DD900FD42A0 /* HomeViewController.h */,
				3FA0BF191B830DD900FD42A0 /* HomeViewController.m */,
				3FA0BF1E1B830DFC00FD42A0 /* ScanViewController.h */,
				3FA0BF1F1B830DFC00FD42A0 /* ScanViewController.m */,
				3FED752C1B84328500DD53B9 /* OrderStatistics */,
				3F8BE1B51B840D59004F7BD4 /* homeViews */,
			);
			name = Home;
			sourceTree = "<group>";
		};
		3FA0BF171B830DC100FD42A0 /* Mine */ = {
			isa = PBXGroup;
			children = (
				3FA0BF1B1B830DEE00FD42A0 /* MineViewController.h */,
				3FA0BF1C1B830DEE00FD42A0 /* MineViewController.m */,
				3FD49D1B1B85CB5500A65E65 /* RetrievePasswordViewController.h */,
				3FD49D1C1B85CB5500A65E65 /* RetrievePasswordViewController.m */,
				3FD49D221B85D3E500A65E65 /* FeedbackViewController.h */,
				3FD49D231B85D3E500A65E65 /* FeedbackViewController.m */,
				3FD49D181B85CA6E00A65E65 /* RetrievePWView.h */,
				3FD49D191B85CA6E00A65E65 /* RetrievePWView.m */,
			);
			name = Mine;
			sourceTree = "<group>";
		};
		3FD49CE81B857A1700A65E65 /* ZBarSDK */ = {
			isa = PBXGroup;
			children = (
				3FD49CE91B857A1700A65E65 /* Headers */,
				3FD49D001B857A1700A65E65 /* libzbar.a */,
				3FD49D011B857A1700A65E65 /* Resources */,
			);
			path = ZBarSDK;
			sourceTree = "<group>";
		};
		3FD49CE91B857A1700A65E65 /* Headers */ = {
			isa = PBXGroup;
			children = (
				3FD49CEA1B857A1700A65E65 /* ZBarSDK */,
			);
			path = Headers;
			sourceTree = "<group>";
		};
		3FD49CEA1B857A1700A65E65 /* ZBarSDK */ = {
			isa = PBXGroup;
			children = (
				3FD49CEB1B857A1700A65E65 /* zbar */,
				3FD49CF51B857A1700A65E65 /* zbar.h */,
				3FD49CF61B857A1700A65E65 /* ZBarCameraSimulator.h */,
				3FD49CF71B857A1700A65E65 /* ZBarCaptureReader.h */,
				3FD49CF81B857A1700A65E65 /* ZBarHelpController.h */,
				3FD49CF91B857A1700A65E65 /* ZBarImage.h */,
				3FD49CFA1B857A1700A65E65 /* ZBarImageScanner.h */,
				3FD49CFB1B857A1700A65E65 /* ZBarReaderController.h */,
				3FD49CFC1B857A1700A65E65 /* ZBarReaderView.h */,
				3FD49CFD1B857A1700A65E65 /* ZBarReaderViewController.h */,
				3FD49CFE1B857A1700A65E65 /* ZBarSDK.h */,
				3FD49CFF1B857A1700A65E65 /* ZBarSymbol.h */,
			);
			path = ZBarSDK;
			sourceTree = "<group>";
		};
		3FD49CEB1B857A1700A65E65 /* zbar */ = {
			isa = PBXGroup;
			children = (
				3FD49CEC1B857A1700A65E65 /* Decoder.h */,
				3FD49CED1B857A1700A65E65 /* Exception.h */,
				3FD49CEE1B857A1700A65E65 /* Image.h */,
				3FD49CEF1B857A1700A65E65 /* ImageScanner.h */,
				3FD49CF01B857A1700A65E65 /* Processor.h */,
				3FD49CF11B857A1700A65E65 /* Scanner.h */,
				3FD49CF21B857A1700A65E65 /* Symbol.h */,
				3FD49CF31B857A1700A65E65 /* Video.h */,
				3FD49CF41B857A1700A65E65 /* Window.h */,
			);
			path = zbar;
			sourceTree = "<group>";
		};
		3FD49D011B857A1700A65E65 /* Resources */ = {
			isa = PBXGroup;
			children = (
				3FD49D021B857A1700A65E65 /* zbar-back.png */,
				3FD49D031B857A1700A65E65 /* zbar-help.html */,
				3FD49D041B857A1700A65E65 /* zbar-helpicons.png */,
				3FD49D051B857A1700A65E65 /* zbar-samples.png */,
			);
			path = Resources;
			sourceTree = "<group>";
		};
		3FD49D1E1B85D33400A65E65 /* TextViewPlaceholder */ = {
			isa = PBXGroup;
			children = (
				3FD49D1F1B85D33400A65E65 /* GCPlaceholderTextView.h */,
				3FD49D201B85D33400A65E65 /* GCPlaceholderTextView.m */,
			);
			path = TextViewPlaceholder;
			sourceTree = "<group>";
		};
		3FED752C1B84328500DD53B9 /* OrderStatistics */ = {
			isa = PBXGroup;
			children = (
				3FED752D1B8432A800DD53B9 /* OrderStatisticsViewController.h */,
				3FED752E1B8432A800DD53B9 /* OrderStatisticsViewController.m */,
				3FED75301B844E0000DD53B9 /* OrderStatisticsTableViewCell.h */,
				3FED75311B844E0000DD53B9 /* OrderStatisticsTableViewCell.m */,
				3FED75331B8451AF00DD53B9 /* ScrollHeaderView.h */,
				3FED75341B8451AF00DD53B9 /* ScrollHeaderView.m */,
				3F75DC7B1B86C23D0021E770 /* OrderViewController.h */,
				3F75DC7C1B86C23D0021E770 /* OrderViewController.m */,
			);
			name = OrderStatistics;
			sourceTree = "<group>";
		};
		3FF3146B1B8474EC004C620B /* GoodsManagement */ = {
			isa = PBXGroup;
			children = (
				3FF3146C1B847512004C620B /* GoodsManagementViewController.h */,
				3FF3146D1B847512004C620B /* GoodsManagementViewController.m */,
				3FF3146F1B847F44004C620B /* SearchView.h */,
				3FF314701B847F44004C620B /* SearchView.m */,
				3FF314721B8481B7004C620B /* SearchResultViewController.h */,
				3FF314731B8481B7004C620B /* SearchResultViewController.m */,
				3FF314751B8489B6004C620B /* GoodsTableViewCell.h */,
				3FF314761B8489B6004C620B /* GoodsTableViewCell.m */,
				3FD49CE51B8567CC00A65E65 /* AddGoodsView.h */,
				3FD49CE61B8567CC00A65E65 /* AddGoodsView.m */,
			);
			name = GoodsManagement;
			sourceTree = "<group>";
		};
/* End PBXGroup section */

/* Begin PBXNativeTarget section */
		3FA0BE451B82B8E700FD42A0 /* LbsqMerchantVersion */ = {
			isa = PBXNativeTarget;
			buildConfigurationList = 3FA0BE691B82B8E800FD42A0 /* Build configuration list for PBXNativeTarget "LbsqMerchantVersion" */;
			buildPhases = (
				3FA0BE421B82B8E700FD42A0 /* Sources */,
				3FA0BE431B82B8E700FD42A0 /* Frameworks */,
				3FA0BE441B82B8E700FD42A0 /* Resources */,
			);
			buildRules = (
			);
			dependencies = (
			);
			name = LbsqMerchantVersion;
			productName = LbsqMerchantVersion;
			productReference = 3FA0BE461B82B8E700FD42A0 /* LbsqMerchantVersion.app */;
			productType = "com.apple.product-type.application";
		};
		3FA0BE5E1B82B8E800FD42A0 /* LbsqMerchantVersionTests */ = {
			isa = PBXNativeTarget;
			buildConfigurationList = 3FA0BE6C1B82B8E800FD42A0 /* Build configuration list for PBXNativeTarget "LbsqMerchantVersionTests" */;
			buildPhases = (
				3FA0BE5B1B82B8E800FD42A0 /* Sources */,
				3FA0BE5C1B82B8E800FD42A0 /* Frameworks */,
				3FA0BE5D1B82B8E800FD42A0 /* Resources */,
			);
			buildRules = (
			);
			dependencies = (
				3FA0BE611B82B8E800FD42A0 /* PBXTargetDependency */,
			);
			name = LbsqMerchantVersionTests;
			productName = LbsqMerchantVersionTests;
			productReference = 3FA0BE5F1B82B8E800FD42A0 /* LbsqMerchantVersionTests.xctest */;
			productType = "com.apple.product-type.bundle.unit-test";
		};
/* End PBXNativeTarget section */

/* Begin PBXProject section */
		3FA0BE3E1B82B8E700FD42A0 /* Project object */ = {
			isa = PBXProject;
			attributes = {
				LastUpgradeCheck = 0640;
				ORGANIZATIONNAME = Runkun;
				TargetAttributes = {
					3FA0BE451B82B8E700FD42A0 = {
						CreatedOnToolsVersion = 6.4;
					};
					3FA0BE5E1B82B8E800FD42A0 = {
						CreatedOnToolsVersion = 6.4;
						TestTargetID = 3FA0BE451B82B8E700FD42A0;
					};
				};
			};
			buildConfigurationList = 3FA0BE411B82B8E700FD42A0 /* Build configuration list for PBXProject "LbsqMerchantVersion" */;
			compatibilityVersion = "Xcode 3.2";
			developmentRegion = English;
			hasScannedForEncodings = 0;
			knownRegions = (
				en,
				Base,
			);
			mainGroup = 3FA0BE3D1B82B8E700FD42A0;
			productRefGroup = 3FA0BE471B82B8E700FD42A0 /* Products */;
			projectDirPath = "";
			projectRoot = "";
			targets = (
				3FA0BE451B82B8E700FD42A0 /* LbsqMerchantVersion */,
				3FA0BE5E1B82B8E800FD42A0 /* LbsqMerchantVersionTests */,
			);
		};
/* End PBXProject section */

/* Begin PBXResourcesBuildPhase section */
		3FA0BE441B82B8E700FD42A0 /* Resources */ = {
			isa = PBXResourcesBuildPhase;
			buildActionMask = 2147483647;
			files = (
				3FA0BE551B82B8E700FD42A0 /* Main.storyboard in Resources */,
				3FA0BE5A1B82B8E700FD42A0 /* LaunchScreen.xib in Resources */,
				3FA0BEC31B8300C800FD42A0 /* MJRefresh.bundle in Resources */,
				3FA0BE571B82B8E700FD42A0 /* Images.xcassets in Resources */,
				3FD49D0A1B857A1700A65E65 /* zbar-samples.png in Resources */,
				3FD49D081B857A1700A65E65 /* zbar-help.html in Resources */,
				3FD49D071B857A1700A65E65 /* zbar-back.png in Resources */,
				3FD49D091B857A1700A65E65 /* zbar-helpicons.png in Resources */,
			);
			runOnlyForDeploymentPostprocessing = 0;
		};
		3FA0BE5D1B82B8E800FD42A0 /* Resources */ = {
			isa = PBXResourcesBuildPhase;
			buildActionMask = 2147483647;
			files = (
			);
			runOnlyForDeploymentPostprocessing = 0;
		};
/* End PBXResourcesBuildPhase section */

/* Begin PBXSourcesBuildPhase section */
		3FA0BE421B82B8E700FD42A0 /* Sources */ = {
			isa = PBXSourcesBuildPhase;
			buildActionMask = 2147483647;
			files = (
				3FA0BF051B83010F00FD42A0 /* UIProgressView+AFNetworking.m in Sources */,
				3FD49D241B85D3E500A65E65 /* FeedbackViewController.m in Sources */,
				3FA0BF151B830D1700FD42A0 /* MineNavViewController.m in Sources */,
				3FF3146E1B847512004C620B /* GoodsManagementViewController.m in Sources */,
				3FA0BEA31B8300AC00FD42A0 /* UIImageView+HighlightedWebCache.m in Sources */,
				3FA0BF061B83010F00FD42A0 /* UIRefreshControl+AFNetworking.m in Sources */,
				3FA0BF231B83153E00FD42A0 /* TabBarItem.m in Sources */,
				3FA0BEA11B8300AC00FD42A0 /* UIImage+MultiFormat.m in Sources */,
				3FED752B1B8421E400DD53B9 /* HomeBtnView.m in Sources */,
				3F75DC7A1B86BC3F0021E770 /* PraiseViewController.m in Sources */,
				3FA0BE9C1B8300AC00FD42A0 /* SDWebImageDownloaderOperation.m in Sources */,
				3F75DC861B86F63C0021E770 /* PraiseTableViewCell.m in Sources */,
				3FA0BECD1B8300C800FD42A0 /* UIScrollView+MJRefresh.m in Sources */,
				3FA0BF021B83010F00FD42A0 /* UIAlertView+AFNetworking.m in Sources */,
				3FA0BF261B831B6800FD42A0 /* YanMethodManager.m in Sources */,
				3FA0BF041B83010F00FD42A0 /* UIImageView+AFNetworking.m in Sources */,
				3F75DC7D1B86C23D0021E770 /* OrderViewController.m in Sources */,
				3FA0BEFC1B83010F00FD42A0 /* AFURLConnectionOperation.m in Sources */,
				3FD49D1A1B85CA6E00A65E65 /* RetrievePWView.m in Sources */,
				3FA0BE731B8300A300FD42A0 /* UIViewAdditions.m in Sources */,
				3FA0BF201B830DFC00FD42A0 /* ScanViewController.m in Sources */,
				3FF314711B847F44004C620B /* SearchView.m in Sources */,
				3FA0BEFF1B83010F00FD42A0 /* AFURLSessionManager.m in Sources */,
				3FA0BEFD1B83010F00FD42A0 /* AFURLRequestSerialization.m in Sources */,
				3FA0BE991B8300AC00FD42A0 /* SDWebImageCompat.m in Sources */,
				3FA0BEA01B8300AC00FD42A0 /* UIImage+GIF.m in Sources */,
				3FD49D1D1B85CB5500A65E65 /* RetrievePasswordViewController.m in Sources */,
				3FA0BF031B83010F00FD42A0 /* UIButton+AFNetworking.m in Sources */,
				3FA0BECE1B8300C800FD42A0 /* UIView+MJExtension.m in Sources */,
				3FA0BEFB1B83010F00FD42A0 /* AFSecurityPolicy.m in Sources */,
				3FA0BEC41B8300C800FD42A0 /* MJRefreshComponent.m in Sources */,
				3FA0BEC51B8300C800FD42A0 /* MJRefreshConst.m in Sources */,
				3FED75351B8451AF00DD53B9 /* ScrollHeaderView.m in Sources */,
				3FA0BF121B830D0B00FD42A0 /* ScanNavViewController.m in Sources */,
				3FA0BEFA1B83010F00FD42A0 /* AFNetworkReachabilityManager.m in Sources */,
				3FED752F1B8432A800DD53B9 /* OrderStatisticsViewController.m in Sources */,
				3F75DC801B86F1A10021E770 /* PraiseSingleViewController.m in Sources */,
				3FA0BEFE1B83010F00FD42A0 /* AFURLResponseSerialization.m in Sources */,
				3FA0BF1A1B830DD900FD42A0 /* HomeViewController.m in Sources */,
				3FA0BE9E1B8300AC00FD42A0 /* SDWebImagePrefetcher.m in Sources */,
				3FA0BE521B82B8E700FD42A0 /* ViewController.m in Sources */,
				3FA0BEF91B83010F00FD42A0 /* AFHTTPSessionManager.m in Sources */,
				3FA0BF1D1B830DEE00FD42A0 /* MineViewController.m in Sources */,
				3FA0BE4F1B82B8E700FD42A0 /* AppDelegate.m in Sources */,
				3FA0BEC71B8300C800FD42A0 /* MJRefreshGifFooter.m in Sources */,
				3FED75321B844E0000DD53B9 /* OrderStatisticsTableViewCell.m in Sources */,
				3FA0BECB1B8300C800FD42A0 /* MJRefreshLegendHeader.m in Sources */,
				3FA0BEC81B8300C800FD42A0 /* MJRefreshGifHeader.m in Sources */,
				3FA0BF0F1B830CE700FD42A0 /* HomeNavViewController.m in Sources */,
				3FD49D211B85D33400A65E65 /* GCPlaceholderTextView.m in Sources */,
				3FF314771B8489B6004C620B /* GoodsTableViewCell.m in Sources */,
				3FD49CE71B8567CC00A65E65 /* AddGoodsView.m in Sources */,
				3FA0BEC91B8300C800FD42A0 /* MJRefreshHeader.m in Sources */,
				3FA0BEA21B8300AC00FD42A0 /* UIImage+WebP.m in Sources */,
				3FA0BF0C1B830CC600FD42A0 /* TabbarViewController.m in Sources */,
				3F8BE1B81B840D8E004F7BD4 /* DayTurnoverStatisticView.m in Sources */,
				3FA0BEA41B8300AC00FD42A0 /* UIImageView+WebCache.m in Sources */,
				3FA0BF001B83010F00FD42A0 /* AFNetworkActivityIndicatorManager.m in Sources */,
				3FA0BE9B1B8300AC00FD42A0 /* SDWebImageDownloader.m in Sources */,
				3FA0BEA91B8300B300FD42A0 /* Toast+UIView.m in Sources */,
				3FA0BEF71B83010F00FD42A0 /* AFHTTPRequestOperation.m in Sources */,
				3FA0BECA1B8300C800FD42A0 /* MJRefreshLegendFooter.m in Sources */,
				3FA0BEA51B8300AC00FD42A0 /* UIView+WebCacheOperation.m in Sources */,
				3F8BE1BB1B841131004F7BD4 /* ControlExtension.m in Sources */,
				3FA0BE9F1B8300AC00FD42A0 /* UIButton+WebCache.m in Sources */,
				3FF314741B8481B7004C620B /* SearchResultViewController.m in Sources */,
				3FA0BF071B83010F00FD42A0 /* UIWebView+AFNetworking.m in Sources */,
				3FA0BF011B83010F00FD42A0 /* UIActivityIndicatorView+AFNetworking.m in Sources */,
				3FA0BEC61B8300C800FD42A0 /* MJRefreshFooter.m in Sources */,
				3FA0BE961B8300AC00FD42A0 /* MKAnnotationView+WebCache.m in Sources */,
				3FA0BECC1B8300C800FD42A0 /* UIScrollView+MJExtension.m in Sources */,
				3F75DC831B86F27C0021E770 /* StarsView.m in Sources */,
				3FA0BE971B8300AC00FD42A0 /* NSData+ImageContentType.m in Sources */,
				3FA0BE4C1B82B8E700FD42A0 /* main.m in Sources */,
				3FA0BE9D1B8300AC00FD42A0 /* SDWebImageManager.m in Sources */,
				3FA0BF291B831BE900FD42A0 /* MBProgressHUD.m in Sources */,
				3FA0BE9A1B8300AC00FD42A0 /* SDWebImageDecoder.m in Sources */,
				3F75DC891B86F9B60021E770 /* PraiseModel.m in Sources */,
				3FA0BEF81B83010F00FD42A0 /* AFHTTPRequestOperationManager.m in Sources */,
				3FA0BE981B8300AC00FD42A0 /* SDImageCache.m in Sources */,
			);
			runOnlyForDeploymentPostprocessing = 0;
		};
		3FA0BE5B1B82B8E800FD42A0 /* Sources */ = {
			isa = PBXSourcesBuildPhase;
			buildActionMask = 2147483647;
			files = (
				3FA0BE661B82B8E800FD42A0 /* LbsqMerchantVersionTests.m in Sources */,
			);
			runOnlyForDeploymentPostprocessing = 0;
		};
/* End PBXSourcesBuildPhase section */

/* Begin PBXTargetDependency section */
		3FA0BE611B82B8E800FD42A0 /* PBXTargetDependency */ = {
			isa = PBXTargetDependency;
			target = 3FA0BE451B82B8E700FD42A0 /* LbsqMerchantVersion */;
			targetProxy = 3FA0BE601B82B8E800FD42A0 /* PBXContainerItemProxy */;
		};
/* End PBXTargetDependency section */

/* Begin PBXVariantGroup section */
		3FA0BE531B82B8E700FD42A0 /* Main.storyboard */ = {
			isa = PBXVariantGroup;
			children = (
				3FA0BE541B82B8E700FD42A0 /* Base */,
			);
			name = Main.storyboard;
			sourceTree = "<group>";
		};
		3FA0BE581B82B8E700FD42A0 /* LaunchScreen.xib */ = {
			isa = PBXVariantGroup;
			children = (
				3FA0BE591B82B8E700FD42A0 /* Base */,
			);
			name = LaunchScreen.xib;
			sourceTree = "<group>";
		};
/* End PBXVariantGroup section */

/* Begin XCBuildConfiguration section */
		3FA0BE671B82B8E800FD42A0 /* Debug */ = {
			isa = XCBuildConfiguration;
			buildSettings = {
				ALWAYS_SEARCH_USER_PATHS = NO;
				CLANG_CXX_LANGUAGE_STANDARD = "gnu++0x";
				CLANG_CXX_LIBRARY = "libc++";
				CLANG_ENABLE_MODULES = YES;
				CLANG_ENABLE_OBJC_ARC = YES;
				CLANG_WARN_BOOL_CONVERSION = YES;
				CLANG_WARN_CONSTANT_CONVERSION = YES;
				CLANG_WARN_DIRECT_OBJC_ISA_USAGE = YES_ERROR;
				CLANG_WARN_EMPTY_BODY = YES;
				CLANG_WARN_ENUM_CONVERSION = YES;
				CLANG_WARN_INT_CONVERSION = YES;
				CLANG_WARN_OBJC_ROOT_CLASS = YES_ERROR;
				CLANG_WARN_UNREACHABLE_CODE = YES;
				CLANG_WARN__DUPLICATE_METHOD_MATCH = YES;
				"CODE_SIGN_IDENTITY[sdk=iphoneos*]" = "iPhone Developer";
				COPY_PHASE_STRIP = NO;
				DEBUG_INFORMATION_FORMAT = "dwarf-with-dsym";
				ENABLE_STRICT_OBJC_MSGSEND = YES;
				GCC_C_LANGUAGE_STANDARD = gnu99;
				GCC_DYNAMIC_NO_PIC = NO;
				GCC_NO_COMMON_BLOCKS = YES;
				GCC_OPTIMIZATION_LEVEL = 0;
				GCC_PREPROCESSOR_DEFINITIONS = (
					"DEBUG=1",
					"$(inherited)",
				);
				GCC_SYMBOLS_PRIVATE_EXTERN = NO;
				GCC_WARN_64_TO_32_BIT_CONVERSION = YES;
				GCC_WARN_ABOUT_RETURN_TYPE = YES_ERROR;
				GCC_WARN_UNDECLARED_SELECTOR = YES;
				GCC_WARN_UNINITIALIZED_AUTOS = YES_AGGRESSIVE;
				GCC_WARN_UNUSED_FUNCTION = YES;
				GCC_WARN_UNUSED_VARIABLE = YES;
				IPHONEOS_DEPLOYMENT_TARGET = 8.4;
				MTL_ENABLE_DEBUG_INFO = YES;
				ONLY_ACTIVE_ARCH = YES;
				SDKROOT = iphoneos;
			};
			name = Debug;
		};
		3FA0BE681B82B8E800FD42A0 /* Release */ = {
			isa = XCBuildConfiguration;
			buildSettings = {
				ALWAYS_SEARCH_USER_PATHS = NO;
				CLANG_CXX_LANGUAGE_STANDARD = "gnu++0x";
				CLANG_CXX_LIBRARY = "libc++";
				CLANG_ENABLE_MODULES = YES;
				CLANG_ENABLE_OBJC_ARC = YES;
				CLANG_WARN_BOOL_CONVERSION = YES;
				CLANG_WARN_CONSTANT_CONVERSION = YES;
				CLANG_WARN_DIRECT_OBJC_ISA_USAGE = YES_ERROR;
				CLANG_WARN_EMPTY_BODY = YES;
				CLANG_WARN_ENUM_CONVERSION = YES;
				CLANG_WARN_INT_CONVERSION = YES;
				CLANG_WARN_OBJC_ROOT_CLASS = YES_ERROR;
				CLANG_WARN_UNREACHABLE_CODE = YES;
				CLANG_WARN__DUPLICATE_METHOD_MATCH = YES;
				"CODE_SIGN_IDENTITY[sdk=iphoneos*]" = "iPhone Developer";
				COPY_PHASE_STRIP = NO;
				DEBUG_INFORMATION_FORMAT = "dwarf-with-dsym";
				ENABLE_NS_ASSERTIONS = NO;
				ENABLE_STRICT_OBJC_MSGSEND = YES;
				GCC_C_LANGUAGE_STANDARD = gnu99;
				GCC_NO_COMMON_BLOCKS = YES;
				GCC_WARN_64_TO_32_BIT_CONVERSION = YES;
				GCC_WARN_ABOUT_RETURN_TYPE = YES_ERROR;
				GCC_WARN_UNDECLARED_SELECTOR = YES;
				GCC_WARN_UNINITIALIZED_AUTOS = YES_AGGRESSIVE;
				GCC_WARN_UNUSED_FUNCTION = YES;
				GCC_WARN_UNUSED_VARIABLE = YES;
				IPHONEOS_DEPLOYMENT_TARGET = 8.4;
				MTL_ENABLE_DEBUG_INFO = NO;
				SDKROOT = iphoneos;
				VALIDATE_PRODUCT = YES;
			};
			name = Release;
		};
		3FA0BE6A1B82B8E800FD42A0 /* Debug */ = {
			isa = XCBuildConfiguration;
			buildSettings = {
				ASSETCATALOG_COMPILER_APPICON_NAME = AppIcon;
				CODE_SIGN_IDENTITY = "iPhone Developer";
				GCC_PRECOMPILE_PREFIX_HEADER = YES;
				GCC_PREFIX_HEADER = "$(SRCROOT)/LbsqMerchantVersion/thirdPart/PrefixHeader.pch";
				INFOPLIST_FILE = LbsqMerchantVersion/Info.plist;
				LD_RUNPATH_SEARCH_PATHS = "$(inherited) @executable_path/Frameworks";
				LIBRARY_SEARCH_PATHS = (
					"$(inherited)",
					"$(PROJECT_DIR)/LbsqMerchantVersion/thirdPart/ZBarSDK",
				);
				PRODUCT_NAME = "$(TARGET_NAME)";
			};
			name = Debug;
		};
		3FA0BE6B1B82B8E800FD42A0 /* Release */ = {
			isa = XCBuildConfiguration;
			buildSettings = {
				ASSETCATALOG_COMPILER_APPICON_NAME = AppIcon;
				CODE_SIGN_IDENTITY = "iPhone Distribution";
				GCC_PRECOMPILE_PREFIX_HEADER = YES;
				GCC_PREFIX_HEADER = "$(SRCROOT)/LbsqMerchantVersion/thirdPart/PrefixHeader.pch";
				INFOPLIST_FILE = LbsqMerchantVersion/Info.plist;
				LD_RUNPATH_SEARCH_PATHS = "$(inherited) @executable_path/Frameworks";
				LIBRARY_SEARCH_PATHS = (
					"$(inherited)",
					"$(PROJECT_DIR)/LbsqMerchantVersion/thirdPart/ZBarSDK",
				);
				PRODUCT_NAME = "$(TARGET_NAME)";
			};
			name = Release;
		};
		3FA0BE6D1B82B8E800FD42A0 /* Debug */ = {
			isa = XCBuildConfiguration;
			buildSettings = {
				BUNDLE_LOADER = "$(TEST_HOST)";
				FRAMEWORK_SEARCH_PATHS = (
					"$(SDKROOT)/Developer/Library/Frameworks",
					"$(inherited)",
				);
				GCC_PREPROCESSOR_DEFINITIONS = (
					"DEBUG=1",
					"$(inherited)",
				);
				INFOPLIST_FILE = LbsqMerchantVersionTests/Info.plist;
				LD_RUNPATH_SEARCH_PATHS = "$(inherited) @executable_path/Frameworks @loader_path/Frameworks";
				PRODUCT_NAME = "$(TARGET_NAME)";
				TEST_HOST = "$(BUILT_PRODUCTS_DIR)/LbsqMerchantVersion.app/LbsqMerchantVersion";
			};
			name = Debug;
		};
		3FA0BE6E1B82B8E800FD42A0 /* Release */ = {
			isa = XCBuildConfiguration;
			buildSettings = {
				BUNDLE_LOADER = "$(TEST_HOST)";
				FRAMEWORK_SEARCH_PATHS = (
					"$(SDKROOT)/Developer/Library/Frameworks",
					"$(inherited)",
				);
				INFOPLIST_FILE = LbsqMerchantVersionTests/Info.plist;
				LD_RUNPATH_SEARCH_PATHS = "$(inherited) @executable_path/Frameworks @loader_path/Frameworks";
				PRODUCT_NAME = "$(TARGET_NAME)";
				TEST_HOST = "$(BUILT_PRODUCTS_DIR)/LbsqMerchantVersion.app/LbsqMerchantVersion";
			};
			name = Release;
		};
/* End XCBuildConfiguration section */

/* Begin XCConfigurationList section */
		3FA0BE411B82B8E700FD42A0 /* Build configuration list for PBXProject "LbsqMerchantVersion" */ = {
			isa = XCConfigurationList;
			buildConfigurations = (
				3FA0BE671B82B8E800FD42A0 /* Debug */,
				3FA0BE681B82B8E800FD42A0 /* Release */,
			);
			defaultConfigurationIsVisible = 0;
			defaultConfigurationName = Release;
		};
		3FA0BE691B82B8E800FD42A0 /* Build configuration list for PBXNativeTarget "LbsqMerchantVersion" */ = {
			isa = XCConfigurationList;
			buildConfigurations = (
				3FA0BE6A1B82B8E800FD42A0 /* Debug */,
				3FA0BE6B1B82B8E800FD42A0 /* Release */,
			);
			defaultConfigurationIsVisible = 0;
			defaultConfigurationName = Release;
		};
		3FA0BE6C1B82B8E800FD42A0 /* Build configuration list for PBXNativeTarget "LbsqMerchantVersionTests" */ = {
			isa = XCConfigurationList;
			buildConfigurations = (
				3FA0BE6D1B82B8E800FD42A0 /* Debug */,
				3FA0BE6E1B82B8E800FD42A0 /* Release */,
			);
			defaultConfigurationIsVisible = 0;
			defaultConfigurationName = Release;
		};
/* End XCConfigurationList section */
	};
	rootObject = 3FA0BE3E1B82B8E700FD42A0 /* Project object */;
}
